// !$*UTF8*$!
{
	archiveVersion = 1;
	classes = {
	};
	objectVersion = 55;
	objects = {

/* Begin PBXBuildFile section */
		3F01742427ECBE3A00B49911 /* UIViewController+Extension.swift in Sources */ = {isa = PBXBuildFile; fileRef = 3F01742327ECBE3A00B49911 /* UIViewController+Extension.swift */; };
		3F01AD6327DB680800906633 /* VpnConfViewController.swift in Sources */ = {isa = PBXBuildFile; fileRef = 3F01AD6227DB680800906633 /* VpnConfViewController.swift */; };
		3F26DC1E27E22ED1001E5B8D /* MethodPickerTableViewCell.swift in Sources */ = {isa = PBXBuildFile; fileRef = 3F26DC1C27E22ED1001E5B8D /* MethodPickerTableViewCell.swift */; };
		3F26DC1F27E22ED1001E5B8D /* MethodPickerTableViewCell.xib in Resources */ = {isa = PBXBuildFile; fileRef = 3F26DC1D27E22ED1001E5B8D /* MethodPickerTableViewCell.xib */; };
		3F3D9CCF27DB91CC00DEB6D3 /* iPad.storyboard in Resources */ = {isa = PBXBuildFile; fileRef = 3F3D9CCE27DB91CC00DEB6D3 /* iPad.storyboard */; };
		3F3D9CD327DB948B00DEB6D3 /* MasterTableViewController.swift in Sources */ = {isa = PBXBuildFile; fileRef = 3F3D9CD227DB948B00DEB6D3 /* MasterTableViewController.swift */; };
		3F3D9CD527DB94F100DEB6D3 /* SplitViewController.swift in Sources */ = {isa = PBXBuildFile; fileRef = 3F3D9CD427DB94F100DEB6D3 /* SplitViewController.swift */; };
		3F3D9CD727DBBBE600DEB6D3 /* PadVpnConfViewController.swift in Sources */ = {isa = PBXBuildFile; fileRef = 3F3D9CD627DBBBE600DEB6D3 /* PadVpnConfViewController.swift */; };
		3F3D9CDD27DBC84F00DEB6D3 /* VpnTableViewCell.swift in Sources */ = {isa = PBXBuildFile; fileRef = 3F3D9CDB27DBC84F00DEB6D3 /* VpnTableViewCell.swift */; };
		3F3D9CDE27DBC84F00DEB6D3 /* VpnTableViewCell.xib in Resources */ = {isa = PBXBuildFile; fileRef = 3F3D9CDC27DBC84F00DEB6D3 /* VpnTableViewCell.xib */; };
		3F3D9CE127DBD43300DEB6D3 /* PadVpnInfoTableViewCell.swift in Sources */ = {isa = PBXBuildFile; fileRef = 3F3D9CDF27DBD43300DEB6D3 /* PadVpnInfoTableViewCell.swift */; };
		3F3D9CE227DBD43300DEB6D3 /* PadVpnInfoTableViewCell.xib in Resources */ = {isa = PBXBuildFile; fileRef = 3F3D9CE027DBD43300DEB6D3 /* PadVpnInfoTableViewCell.xib */; };
		3F66231B27DCB3C800CD2DF7 /* VpnStatusTableViewCell.swift in Sources */ = {isa = PBXBuildFile; fileRef = 3F66231927DCB3C800CD2DF7 /* VpnStatusTableViewCell.swift */; };
		3F66231C27DCB3C800CD2DF7 /* VpnStatusTableViewCell.xib in Resources */ = {isa = PBXBuildFile; fileRef = 3F66231A27DCB3C800CD2DF7 /* VpnStatusTableViewCell.xib */; };
		3F66231F27DCDEDA00CD2DF7 /* VpnInfoTableViewCell.swift in Sources */ = {isa = PBXBuildFile; fileRef = 3F66231D27DCDEDA00CD2DF7 /* VpnInfoTableViewCell.swift */; };
		3F66232027DCDEDA00CD2DF7 /* VpnInfoTableViewCell.xib in Resources */ = {isa = PBXBuildFile; fileRef = 3F66231E27DCDEDA00CD2DF7 /* VpnInfoTableViewCell.xib */; };
		3F66232227DCF0C600CD2DF7 /* AboutTableViewController.swift in Sources */ = {isa = PBXBuildFile; fileRef = 3F66232127DCF0C600CD2DF7 /* AboutTableViewController.swift */; };
		3F66232527DCF6CC00CD2DF7 /* local-proxy.c in Sources */ = {isa = PBXBuildFile; fileRef = 3FDC07C027DA3C6F00B53758 /* local-proxy.c */; };
		3F66232627DCF74D00CD2DF7 /* OpenSSL.framework in Frameworks */ = {isa = PBXBuildFile; fileRef = 3FDC07DC27DA3CD900B53758 /* OpenSSL.framework */; platformFilter = ios; };
		3F66232727DCF74D00CD2DF7 /* OpenSSL.framework in Embed Frameworks */ = {isa = PBXBuildFile; fileRef = 3FDC07DC27DA3CD900B53758 /* OpenSSL.framework */; settings = {ATTRIBUTES = (CodeSignOnCopy, RemoveHeadersOnCopy, ); }; };
		3F66232927DCF76B00CD2DF7 /* crypt.c in Sources */ = {isa = PBXBuildFile; fileRef = 3FDC07BF27DA3C6F00B53758 /* crypt.c */; };
		3F66232A27DCF77100CD2DF7 /* tcp-connection.c in Sources */ = {isa = PBXBuildFile; fileRef = 3FDC07C327DA3C6F00B53758 /* tcp-connection.c */; };
		3F66232B27DCF77700CD2DF7 /* xproxy.c in Sources */ = {isa = PBXBuildFile; fileRef = 3FDC07C427DA3C6F00B53758 /* xproxy.c */; };
		3F66232C27DCF77C00CD2DF7 /* poller.c in Sources */ = {isa = PBXBuildFile; fileRef = 3FDC07C627DA3C6F00B53758 /* poller.c */; };
		3F66232D27DCF78000CD2DF7 /* utils.c in Sources */ = {isa = PBXBuildFile; fileRef = 3FDC07C827DA3C6F00B53758 /* utils.c */; };
		3F66232E27DCF78600CD2DF7 /* el.c in Sources */ = {isa = PBXBuildFile; fileRef = 3FDC07CD27DA3C6F00B53758 /* el.c */; };
		3F66233027DD159200CD2DF7 /* README.txt in Resources */ = {isa = PBXBuildFile; fileRef = 3F66232F27DD159200CD2DF7 /* README.txt */; };
		3F66233427DD46C800CD2DF7 /* ExceptionTableViewCell.swift in Sources */ = {isa = PBXBuildFile; fileRef = 3F66233227DD46C800CD2DF7 /* ExceptionTableViewCell.swift */; };
		3F66233527DD46C800CD2DF7 /* ExceptionTableViewCell.xib in Resources */ = {isa = PBXBuildFile; fileRef = 3F66233327DD46C800CD2DF7 /* ExceptionTableViewCell.xib */; };
		3F8C880427E3A59E002031CB /* Constant.swift in Sources */ = {isa = PBXBuildFile; fileRef = 3F8C880327E3A59E002031CB /* Constant.swift */; };
		3F8C880627E3A6CA002031CB /* VpnConfiguration.swift in Sources */ = {isa = PBXBuildFile; fileRef = 3F8C880527E3A6CA002031CB /* VpnConfiguration.swift */; };
		3F8C880727E3A6CA002031CB /* VpnConfiguration.swift in Sources */ = {isa = PBXBuildFile; fileRef = 3F8C880527E3A6CA002031CB /* VpnConfiguration.swift */; };
		3F8CBE5927DF082D002EECBB /* cfg.c in Sources */ = {isa = PBXBuildFile; fileRef = 3F8CBE5627DF082D002EECBB /* cfg.c */; };
		3F8CBE5A27DF082D002EECBB /* cfg.c in Sources */ = {isa = PBXBuildFile; fileRef = 3F8CBE5627DF082D002EECBB /* cfg.c */; };
		3F92CAC927E72721002FAD74 /* LICENSE in Resources */ = {isa = PBXBuildFile; fileRef = 3F92CAC827E72721002FAD74 /* LICENSE */; };
		3F96C61A28BD26F500E7FD2D /* QRImageViewController.swift in Sources */ = {isa = PBXBuildFile; fileRef = 3F96C61928BD26F500E7FD2D /* QRImageViewController.swift */; };
		3F96C61C28BD271300E7FD2D /* QRImageViewController.storyboard in Resources */ = {isa = PBXBuildFile; fileRef = 3F96C61B28BD271300E7FD2D /* QRImageViewController.storyboard */; };
		3F96C61E28BD2E4600E7FD2D /* ScannerViewController.swift in Sources */ = {isa = PBXBuildFile; fileRef = 3F96C61D28BD2E4600E7FD2D /* ScannerViewController.swift */; };
		3F96C62028BD2E7F00E7FD2D /* ScannerViewController.storyboard in Resources */ = {isa = PBXBuildFile; fileRef = 3F96C61F28BD2E7F00E7FD2D /* ScannerViewController.storyboard */; };
		3FBF60F827D7B46D00F35E67 /* AppDelegate.swift in Sources */ = {isa = PBXBuildFile; fileRef = 3FBF60F727D7B46D00F35E67 /* AppDelegate.swift */; };
		3FBF60FA27D7B46D00F35E67 /* SceneDelegate.swift in Sources */ = {isa = PBXBuildFile; fileRef = 3FBF60F927D7B46D00F35E67 /* SceneDelegate.swift */; };
		3FBF60FC27D7B46D00F35E67 /* ViewController.swift in Sources */ = {isa = PBXBuildFile; fileRef = 3FBF60FB27D7B46D00F35E67 /* ViewController.swift */; };
		3FBF60FF27D7B46D00F35E67 /* iPhone.storyboard in Resources */ = {isa = PBXBuildFile; fileRef = 3FBF60FD27D7B46D00F35E67 /* iPhone.storyboard */; };
		3FBF610227D7B46D00F35E67 /* Xproxy.xcdatamodeld in Sources */ = {isa = PBXBuildFile; fileRef = 3FBF610027D7B46D00F35E67 /* Xproxy.xcdatamodeld */; };
		3FBF610427D7B46E00F35E67 /* Assets.xcassets in Resources */ = {isa = PBXBuildFile; fileRef = 3FBF610327D7B46E00F35E67 /* Assets.xcassets */; };
		3FBF610727D7B46E00F35E67 /* LaunchScreen.storyboard in Resources */ = {isa = PBXBuildFile; fileRef = 3FBF610527D7B46E00F35E67 /* LaunchScreen.storyboard */; };
		3FBF611627D7B62000F35E67 /* NetworkExtension.framework in Frameworks */ = {isa = PBXBuildFile; fileRef = 3FBF611527D7B62000F35E67 /* NetworkExtension.framework */; };
		3FBF611927D7B62000F35E67 /* PacketTunnelProvider.swift in Sources */ = {isa = PBXBuildFile; fileRef = 3FBF611827D7B62000F35E67 /* PacketTunnelProvider.swift */; };
		3FBF611E27D7B62000F35E67 /* PacketTunnel.appex in Embed App Extensions */ = {isa = PBXBuildFile; fileRef = 3FBF611327D7B62000F35E67 /* PacketTunnel.appex */; settings = {ATTRIBUTES = (RemoveHeadersOnCopy, ); }; };
		3FBF612327D7C53400F35E67 /* NetworkExtension.framework in Frameworks */ = {isa = PBXBuildFile; fileRef = 3FBF611527D7B62000F35E67 /* NetworkExtension.framework */; };
		3FCBC74B27EDFCA200C0AA0B /* TunnelError.swift in Sources */ = {isa = PBXBuildFile; fileRef = 3FCBC74A27EDFCA200C0AA0B /* TunnelError.swift */; };
		3FCBC74C27EDFCA200C0AA0B /* TunnelError.swift in Sources */ = {isa = PBXBuildFile; fileRef = 3FCBC74A27EDFCA200C0AA0B /* TunnelError.swift */; };
		3FCBC74E27EE009D00C0AA0B /* FileManager+Extension.swift in Sources */ = {isa = PBXBuildFile; fileRef = 3FCBC74D27EE009D00C0AA0B /* FileManager+Extension.swift */; };
		3FCBC74F27EE009D00C0AA0B /* FileManager+Extension.swift in Sources */ = {isa = PBXBuildFile; fileRef = 3FCBC74D27EE009D00C0AA0B /* FileManager+Extension.swift */; };
		3FDC07CF27DA3C6F00B53758 /* crypt.c in Sources */ = {isa = PBXBuildFile; fileRef = 3FDC07BF27DA3C6F00B53758 /* crypt.c */; };
		3FDC07D127DA3C6F00B53758 /* local-proxy.c in Sources */ = {isa = PBXBuildFile; fileRef = 3FDC07C027DA3C6F00B53758 /* local-proxy.c */; };
		3FDC07D327DA3C6F00B53758 /* tcp-connection.c in Sources */ = {isa = PBXBuildFile; fileRef = 3FDC07C327DA3C6F00B53758 /* tcp-connection.c */; };
		3FDC07D527DA3C6F00B53758 /* xproxy.c in Sources */ = {isa = PBXBuildFile; fileRef = 3FDC07C427DA3C6F00B53758 /* xproxy.c */; };
		3FDC07D727DA3C6F00B53758 /* poller.c in Sources */ = {isa = PBXBuildFile; fileRef = 3FDC07C627DA3C6F00B53758 /* poller.c */; };
		3FDC07D927DA3C6F00B53758 /* utils.c in Sources */ = {isa = PBXBuildFile; fileRef = 3FDC07C827DA3C6F00B53758 /* utils.c */; };
		3FDC07DB27DA3C6F00B53758 /* el.c in Sources */ = {isa = PBXBuildFile; fileRef = 3FDC07CD27DA3C6F00B53758 /* el.c */; };
		3FDC07DE27DA3DE800B53758 /* OpenSSL.framework in Frameworks */ = {isa = PBXBuildFile; fileRef = 3FDC07DC27DA3CD900B53758 /* OpenSSL.framework */; platformFilter = ios; };
		3FDC07DF27DA3DE800B53758 /* OpenSSL.framework in Embed Frameworks */ = {isa = PBXBuildFile; fileRef = 3FDC07DC27DA3CD900B53758 /* OpenSSL.framework */; platformFilter = ios; settings = {ATTRIBUTES = (CodeSignOnCopy, RemoveHeadersOnCopy, ); }; };
		3FEDC35828BE4A8200F00790 /* Double+Extension.swift in Sources */ = {isa = PBXBuildFile; fileRef = 3FEDC35728BE4A8200F00790 /* Double+Extension.swift */; };
		3FEDC35928BE4A8200F00790 /* Double+Extension.swift in Sources */ = {isa = PBXBuildFile; fileRef = 3FEDC35728BE4A8200F00790 /* Double+Extension.swift */; };
/* End PBXBuildFile section */

/* Begin PBXContainerItemProxy section */
		3FBF611C27D7B62000F35E67 /* PBXContainerItemProxy */ = {
			isa = PBXContainerItemProxy;
			containerPortal = 3FBF60EC27D7B46D00F35E67 /* Project object */;
			proxyType = 1;
			remoteGlobalIDString = 3FBF611227D7B62000F35E67;
			remoteInfo = PacketTunnel;
		};
/* End PBXContainerItemProxy section */

/* Begin PBXCopyFilesBuildPhase section */
		3F66232827DCF74D00CD2DF7 /* Embed Frameworks */ = {
			isa = PBXCopyFilesBuildPhase;
			buildActionMask = 2147483647;
			dstPath = "";
			dstSubfolderSpec = 10;
			files = (
				3F66232727DCF74D00CD2DF7 /* OpenSSL.framework in Embed Frameworks */,
			);
			name = "Embed Frameworks";
			runOnlyForDeploymentPostprocessing = 0;
		};
		3FBF612227D7B62000F35E67 /* Embed App Extensions */ = {
			isa = PBXCopyFilesBuildPhase;
			buildActionMask = 2147483647;
			dstPath = "";
			dstSubfolderSpec = 13;
			files = (
				3FBF611E27D7B62000F35E67 /* PacketTunnel.appex in Embed App Extensions */,
			);
			name = "Embed App Extensions";
			runOnlyForDeploymentPostprocessing = 0;
		};
		3FDC07E027DA3DE800B53758 /* Embed Frameworks */ = {
			isa = PBXCopyFilesBuildPhase;
			buildActionMask = 2147483647;
			dstPath = "";
			dstSubfolderSpec = 10;
			files = (
				3FDC07DF27DA3DE800B53758 /* OpenSSL.framework in Embed Frameworks */,
			);
			name = "Embed Frameworks";
			runOnlyForDeploymentPostprocessing = 0;
		};
/* End PBXCopyFilesBuildPhase section */

/* Begin PBXFileReference section */
		3F01742327ECBE3A00B49911 /* UIViewController+Extension.swift */ = {isa = PBXFileReference; indentWidth = 4; lastKnownFileType = sourcecode.swift; path = "UIViewController+Extension.swift"; sourceTree = "<group>"; tabWidth = 4; };
		3F01AD6227DB680800906633 /* VpnConfViewController.swift */ = {isa = PBXFileReference; indentWidth = 4; lastKnownFileType = sourcecode.swift; path = VpnConfViewController.swift; sourceTree = "<group>"; tabWidth = 4; usesTabs = 0; };
		3F26DC1C27E22ED1001E5B8D /* MethodPickerTableViewCell.swift */ = {isa = PBXFileReference; indentWidth = 4; lastKnownFileType = sourcecode.swift; path = MethodPickerTableViewCell.swift; sourceTree = "<group>"; tabWidth = 4; };
		3F26DC1D27E22ED1001E5B8D /* MethodPickerTableViewCell.xib */ = {isa = PBXFileReference; lastKnownFileType = file.xib; path = MethodPickerTableViewCell.xib; sourceTree = "<group>"; };
		3F3D9CCE27DB91CC00DEB6D3 /* iPad.storyboard */ = {isa = PBXFileReference; lastKnownFileType = file.storyboard; path = iPad.storyboard; sourceTree = "<group>"; };
		3F3D9CD227DB948B00DEB6D3 /* MasterTableViewController.swift */ = {isa = PBXFileReference; indentWidth = 4; lastKnownFileType = sourcecode.swift; path = MasterTableViewController.swift; sourceTree = "<group>"; tabWidth = 4; usesTabs = 0; };
		3F3D9CD427DB94F100DEB6D3 /* SplitViewController.swift */ = {isa = PBXFileReference; indentWidth = 4; lastKnownFileType = sourcecode.swift; path = SplitViewController.swift; sourceTree = "<group>"; tabWidth = 4; usesTabs = 0; };
		3F3D9CD627DBBBE600DEB6D3 /* PadVpnConfViewController.swift */ = {isa = PBXFileReference; indentWidth = 4; lastKnownFileType = sourcecode.swift; path = PadVpnConfViewController.swift; sourceTree = "<group>"; tabWidth = 4; usesTabs = 0; };
		3F3D9CDB27DBC84F00DEB6D3 /* VpnTableViewCell.swift */ = {isa = PBXFileReference; indentWidth = 4; lastKnownFileType = sourcecode.swift; path = VpnTableViewCell.swift; sourceTree = "<group>"; tabWidth = 4; usesTabs = 0; };
		3F3D9CDC27DBC84F00DEB6D3 /* VpnTableViewCell.xib */ = {isa = PBXFileReference; lastKnownFileType = file.xib; path = VpnTableViewCell.xib; sourceTree = "<group>"; };
		3F3D9CDF27DBD43300DEB6D3 /* PadVpnInfoTableViewCell.swift */ = {isa = PBXFileReference; indentWidth = 4; lastKnownFileType = sourcecode.swift; path = PadVpnInfoTableViewCell.swift; sourceTree = "<group>"; tabWidth = 4; usesTabs = 0; };
		3F3D9CE027DBD43300DEB6D3 /* PadVpnInfoTableViewCell.xib */ = {isa = PBXFileReference; lastKnownFileType = file.xib; path = PadVpnInfoTableViewCell.xib; sourceTree = "<group>"; };
		3F66231927DCB3C800CD2DF7 /* VpnStatusTableViewCell.swift */ = {isa = PBXFileReference; indentWidth = 4; lastKnownFileType = sourcecode.swift; path = VpnStatusTableViewCell.swift; sourceTree = "<group>"; tabWidth = 4; };
		3F66231A27DCB3C800CD2DF7 /* VpnStatusTableViewCell.xib */ = {isa = PBXFileReference; lastKnownFileType = file.xib; path = VpnStatusTableViewCell.xib; sourceTree = "<group>"; };
		3F66231D27DCDEDA00CD2DF7 /* VpnInfoTableViewCell.swift */ = {isa = PBXFileReference; indentWidth = 4; lastKnownFileType = sourcecode.swift; path = VpnInfoTableViewCell.swift; sourceTree = "<group>"; tabWidth = 4; usesTabs = 0; };
		3F66231E27DCDEDA00CD2DF7 /* VpnInfoTableViewCell.xib */ = {isa = PBXFileReference; lastKnownFileType = file.xib; path = VpnInfoTableViewCell.xib; sourceTree = "<group>"; };
		3F66232127DCF0C600CD2DF7 /* AboutTableViewController.swift */ = {isa = PBXFileReference; indentWidth = 4; lastKnownFileType = sourcecode.swift; path = AboutTableViewController.swift; sourceTree = "<group>"; tabWidth = 4; };
		3F66232F27DD159200CD2DF7 /* README.txt */ = {isa = PBXFileReference; fileEncoding = 4; lastKnownFileType = text; path = README.txt; sourceTree = "<group>"; };
		3F66233227DD46C800CD2DF7 /* ExceptionTableViewCell.swift */ = {isa = PBXFileReference; indentWidth = 4; lastKnownFileType = sourcecode.swift; path = ExceptionTableViewCell.swift; sourceTree = "<group>"; tabWidth = 4; };
		3F66233327DD46C800CD2DF7 /* ExceptionTableViewCell.xib */ = {isa = PBXFileReference; lastKnownFileType = file.xib; path = ExceptionTableViewCell.xib; sourceTree = "<group>"; };
		3F6C8D0827DF205000E5FD97 /* platform.h */ = {isa = PBXFileReference; lastKnownFileType = sourcecode.c.h; path = platform.h; sourceTree = "<group>"; };
		3F8C880327E3A59E002031CB /* Constant.swift */ = {isa = PBXFileReference; lastKnownFileType = sourcecode.swift; path = Constant.swift; sourceTree = "<group>"; };
		3F8C880527E3A6CA002031CB /* VpnConfiguration.swift */ = {isa = PBXFileReference; indentWidth = 4; lastKnownFileType = sourcecode.swift; path = VpnConfiguration.swift; sourceTree = "<group>"; tabWidth = 4; };
		3F8CBE5527DF082D002EECBB /* cfg.h */ = {isa = PBXFileReference; fileEncoding = 4; lastKnownFileType = sourcecode.c.h; path = cfg.h; sourceTree = "<group>"; };
		3F8CBE5627DF082D002EECBB /* cfg.c */ = {isa = PBXFileReference; fileEncoding = 4; lastKnownFileType = sourcecode.c.c; path = cfg.c; sourceTree = "<group>"; };
		3F92CAC827E72721002FAD74 /* LICENSE */ = {isa = PBXFileReference; fileEncoding = 4; lastKnownFileType = text; path = LICENSE; sourceTree = "<group>"; };
		3F96C61928BD26F500E7FD2D /* QRImageViewController.swift */ = {isa = PBXFileReference; lastKnownFileType = sourcecode.swift; path = QRImageViewController.swift; sourceTree = "<group>"; };
		3F96C61B28BD271300E7FD2D /* QRImageViewController.storyboard */ = {isa = PBXFileReference; lastKnownFileType = file.storyboard; path = QRImageViewController.storyboard; sourceTree = "<group>"; };
		3F96C61D28BD2E4600E7FD2D /* ScannerViewController.swift */ = {isa = PBXFileReference; lastKnownFileType = sourcecode.swift; path = ScannerViewController.swift; sourceTree = "<group>"; };
		3F96C61F28BD2E7F00E7FD2D /* ScannerViewController.storyboard */ = {isa = PBXFileReference; lastKnownFileType = file.storyboard; path = ScannerViewController.storyboard; sourceTree = "<group>"; };
		3FBF60F427D7B46D00F35E67 /* Xproxy.app */ = {isa = PBXFileReference; explicitFileType = wrapper.application; includeInIndex = 0; path = Xproxy.app; sourceTree = BUILT_PRODUCTS_DIR; };
		3FBF60F727D7B46D00F35E67 /* AppDelegate.swift */ = {isa = PBXFileReference; indentWidth = 4; lastKnownFileType = sourcecode.swift; path = AppDelegate.swift; sourceTree = "<group>"; tabWidth = 4; };
		3FBF60F927D7B46D00F35E67 /* SceneDelegate.swift */ = {isa = PBXFileReference; indentWidth = 4; lastKnownFileType = sourcecode.swift; path = SceneDelegate.swift; sourceTree = "<group>"; tabWidth = 4; };
		3FBF60FB27D7B46D00F35E67 /* ViewController.swift */ = {isa = PBXFileReference; indentWidth = 4; lastKnownFileType = sourcecode.swift; path = ViewController.swift; sourceTree = "<group>"; tabWidth = 4; };
		3FBF60FE27D7B46D00F35E67 /* Base */ = {isa = PBXFileReference; lastKnownFileType = file.storyboard; name = Base; path = Base.lproj/iPhone.storyboard; sourceTree = "<group>"; };
		3FBF610127D7B46D00F35E67 /* Xproxy.xcdatamodel */ = {isa = PBXFileReference; lastKnownFileType = wrapper.xcdatamodel; path = Xproxy.xcdatamodel; sourceTree = "<group>"; };
		3FBF610327D7B46E00F35E67 /* Assets.xcassets */ = {isa = PBXFileReference; lastKnownFileType = folder.assetcatalog; path = Assets.xcassets; sourceTree = "<group>"; };
		3FBF610627D7B46E00F35E67 /* Base */ = {isa = PBXFileReference; lastKnownFileType = file.storyboard; name = Base; path = Base.lproj/LaunchScreen.storyboard; sourceTree = "<group>"; };
		3FBF610827D7B46E00F35E67 /* Info.plist */ = {isa = PBXFileReference; lastKnownFileType = text.plist.xml; path = Info.plist; sourceTree = "<group>"; };
		3FBF610E27D7B47500F35E67 /* Xproxy.entitlements */ = {isa = PBXFileReference; lastKnownFileType = text.plist.entitlements; path = Xproxy.entitlements; sourceTree = "<group>"; };
		3FBF611327D7B62000F35E67 /* PacketTunnel.appex */ = {isa = PBXFileReference; explicitFileType = "wrapper.app-extension"; includeInIndex = 0; path = PacketTunnel.appex; sourceTree = BUILT_PRODUCTS_DIR; };
		3FBF611527D7B62000F35E67 /* NetworkExtension.framework */ = {isa = PBXFileReference; lastKnownFileType = wrapper.framework; name = NetworkExtension.framework; path = System/Library/Frameworks/NetworkExtension.framework; sourceTree = SDKROOT; };
		3FBF611827D7B62000F35E67 /* PacketTunnelProvider.swift */ = {isa = PBXFileReference; indentWidth = 4; lastKnownFileType = sourcecode.swift; path = PacketTunnelProvider.swift; sourceTree = "<group>"; tabWidth = 4; usesTabs = 0; };
		3FBF611A27D7B62000F35E67 /* Info.plist */ = {isa = PBXFileReference; lastKnownFileType = text.plist.xml; path = Info.plist; sourceTree = "<group>"; };
		3FBF611B27D7B62000F35E67 /* PacketTunnel.entitlements */ = {isa = PBXFileReference; lastKnownFileType = text.plist.entitlements; path = PacketTunnel.entitlements; sourceTree = "<group>"; };
		3FCBC74A27EDFCA200C0AA0B /* TunnelError.swift */ = {isa = PBXFileReference; lastKnownFileType = sourcecode.swift; path = TunnelError.swift; sourceTree = "<group>"; };
		3FCBC74D27EE009D00C0AA0B /* FileManager+Extension.swift */ = {isa = PBXFileReference; indentWidth = 4; lastKnownFileType = sourcecode.swift; path = "FileManager+Extension.swift"; sourceTree = "<group>"; tabWidth = 4; };
		3FDC07BF27DA3C6F00B53758 /* crypt.c */ = {isa = PBXFileReference; fileEncoding = 4; lastKnownFileType = sourcecode.c.c; path = crypt.c; sourceTree = "<group>"; };
		3FDC07C027DA3C6F00B53758 /* local-proxy.c */ = {isa = PBXFileReference; fileEncoding = 4; lastKnownFileType = sourcecode.c.c; path = "local-proxy.c"; sourceTree = "<group>"; };
		3FDC07C127DA3C6F00B53758 /* utils.h */ = {isa = PBXFileReference; fileEncoding = 4; lastKnownFileType = sourcecode.c.h; path = utils.h; sourceTree = "<group>"; };
		3FDC07C227DA3C6F00B53758 /* poller.h */ = {isa = PBXFileReference; fileEncoding = 4; lastKnownFileType = sourcecode.c.h; path = poller.h; sourceTree = "<group>"; };
		3FDC07C327DA3C6F00B53758 /* tcp-connection.c */ = {isa = PBXFileReference; fileEncoding = 4; lastKnownFileType = sourcecode.c.c; path = "tcp-connection.c"; sourceTree = "<group>"; };
		3FDC07C427DA3C6F00B53758 /* xproxy.c */ = {isa = PBXFileReference; fileEncoding = 4; lastKnownFileType = sourcecode.c.c; path = xproxy.c; sourceTree = "<group>"; };
		3FDC07C527DA3C6F00B53758 /* el.h */ = {isa = PBXFileReference; fileEncoding = 4; lastKnownFileType = sourcecode.c.h; path = el.h; sourceTree = "<group>"; };
		3FDC07C627DA3C6F00B53758 /* poller.c */ = {isa = PBXFileReference; fileEncoding = 4; lastKnownFileType = sourcecode.c.c; path = poller.c; sourceTree = "<group>"; };
		3FDC07C727DA3C6F00B53758 /* crypt.h */ = {isa = PBXFileReference; fileEncoding = 4; lastKnownFileType = sourcecode.c.h; path = crypt.h; sourceTree = "<group>"; };
		3FDC07C827DA3C6F00B53758 /* utils.c */ = {isa = PBXFileReference; fileEncoding = 4; lastKnownFileType = sourcecode.c.c; path = utils.c; sourceTree = "<group>"; };
		3FDC07C927DA3C6F00B53758 /* log.h */ = {isa = PBXFileReference; fileEncoding = 4; lastKnownFileType = sourcecode.c.h; path = log.h; sourceTree = "<group>"; };
		3FDC07CA27DA3C6F00B53758 /* xproxy.h */ = {isa = PBXFileReference; fileEncoding = 4; lastKnownFileType = sourcecode.c.h; path = xproxy.h; sourceTree = "<group>"; };
		3FDC07CB27DA3C6F00B53758 /* tcp-connection.h */ = {isa = PBXFileReference; fileEncoding = 4; lastKnownFileType = sourcecode.c.h; path = "tcp-connection.h"; sourceTree = "<group>"; };
		3FDC07CC27DA3C6F00B53758 /* socks5.h */ = {isa = PBXFileReference; fileEncoding = 4; lastKnownFileType = sourcecode.c.h; path = socks5.h; sourceTree = "<group>"; };
		3FDC07CD27DA3C6F00B53758 /* el.c */ = {isa = PBXFileReference; fileEncoding = 4; lastKnownFileType = sourcecode.c.c; path = el.c; sourceTree = "<group>"; };
		3FDC07DC27DA3CD900B53758 /* OpenSSL.framework */ = {isa = PBXFileReference; lastKnownFileType = wrapper.framework; path = OpenSSL.framework; sourceTree = "<group>"; };
		3FDC07E127DA414B00B53758 /* local-proxy.h */ = {isa = PBXFileReference; lastKnownFileType = sourcecode.c.h; path = "local-proxy.h"; sourceTree = "<group>"; };
		3FDC07E227DA41EC00B53758 /* Xproxy-Bridging-Header.h */ = {isa = PBXFileReference; lastKnownFileType = sourcecode.c.h; path = "Xproxy-Bridging-Header.h"; sourceTree = "<group>"; };
		3FEDC35728BE4A8200F00790 /* Double+Extension.swift */ = {isa = PBXFileReference; lastKnownFileType = sourcecode.swift; path = "Double+Extension.swift"; sourceTree = "<group>"; };
/* End PBXFileReference section */

/* Begin PBXFrameworksBuildPhase section */
		3FBF60F127D7B46D00F35E67 /* Frameworks */ = {
			isa = PBXFrameworksBuildPhase;
			buildActionMask = 2147483647;
			files = (
				3FBF612327D7C53400F35E67 /* NetworkExtension.framework in Frameworks */,
				3F66232627DCF74D00CD2DF7 /* OpenSSL.framework in Frameworks */,
			);
			runOnlyForDeploymentPostprocessing = 0;
		};
		3FBF611027D7B62000F35E67 /* Frameworks */ = {
			isa = PBXFrameworksBuildPhase;
			buildActionMask = 2147483647;
			files = (
				3FBF611627D7B62000F35E67 /* NetworkExtension.framework in Frameworks */,
				3FDC07DE27DA3DE800B53758 /* OpenSSL.framework in Frameworks */,
			);
			runOnlyForDeploymentPostprocessing = 0;
		};
/* End PBXFrameworksBuildPhase section */

/* Begin PBXGroup section */
		3F3D9CD027DB945000DEB6D3 /* iPhone */ = {
			isa = PBXGroup;
			children = (
				3FBF60FD27D7B46D00F35E67 /* iPhone.storyboard */,
				3F66232127DCF0C600CD2DF7 /* AboutTableViewController.swift */,
				3FBF60FB27D7B46D00F35E67 /* ViewController.swift */,
				3F01AD6227DB680800906633 /* VpnConfViewController.swift */,
				3F66231D27DCDEDA00CD2DF7 /* VpnInfoTableViewCell.swift */,
				3F66231E27DCDEDA00CD2DF7 /* VpnInfoTableViewCell.xib */,
			);
			path = iPhone;
			sourceTree = "<group>";
		};
		3F3D9CD127DB946100DEB6D3 /* iPad */ = {
			isa = PBXGroup;
			children = (
				3F3D9CCE27DB91CC00DEB6D3 /* iPad.storyboard */,
				3F3D9CD427DB94F100DEB6D3 /* SplitViewController.swift */,
				3F3D9CD227DB948B00DEB6D3 /* MasterTableViewController.swift */,
				3F3D9CD627DBBBE600DEB6D3 /* PadVpnConfViewController.swift */,
				3F66231927DCB3C800CD2DF7 /* VpnStatusTableViewCell.swift */,
				3F66231A27DCB3C800CD2DF7 /* VpnStatusTableViewCell.xib */,
				3F3D9CDF27DBD43300DEB6D3 /* PadVpnInfoTableViewCell.swift */,
				3F3D9CE027DBD43300DEB6D3 /* PadVpnInfoTableViewCell.xib */,
			);
			path = iPad;
			sourceTree = "<group>";
		};
		3F66233127DD1E9100CD2DF7 /* Views */ = {
			isa = PBXGroup;
			children = (
				3F3D9CDB27DBC84F00DEB6D3 /* VpnTableViewCell.swift */,
				3F66233227DD46C800CD2DF7 /* ExceptionTableViewCell.swift */,
				3F66233327DD46C800CD2DF7 /* ExceptionTableViewCell.xib */,
				3F3D9CDC27DBC84F00DEB6D3 /* VpnTableViewCell.xib */,
				3F26DC1C27E22ED1001E5B8D /* MethodPickerTableViewCell.swift */,
				3F26DC1D27E22ED1001E5B8D /* MethodPickerTableViewCell.xib */,
			);
			path = Views;
			sourceTree = "<group>";
		};
		3F8C880227E3A55C002031CB /* Model */ = {
			isa = PBXGroup;
			children = (
				3F8C880327E3A59E002031CB /* Constant.swift */,
				3F8C880527E3A6CA002031CB /* VpnConfiguration.swift */,
				3F01742327ECBE3A00B49911 /* UIViewController+Extension.swift */,
				3FCBC74A27EDFCA200C0AA0B /* TunnelError.swift */,
				3FCBC74D27EE009D00C0AA0B /* FileManager+Extension.swift */,
				3FEDC35728BE4A8200F00790 /* Double+Extension.swift */,
			);
			path = Model;
			sourceTree = "<group>";
		};
		3FBF60EB27D7B46D00F35E67 = {
			isa = PBXGroup;
			children = (
				3F66232F27DD159200CD2DF7 /* README.txt */,
				3F92CAC827E72721002FAD74 /* LICENSE */,
				3FDC07DC27DA3CD900B53758 /* OpenSSL.framework */,
				3FDC07BE27DA3C6F00B53758 /* Xproxy */,
				3FBF60F627D7B46D00F35E67 /* XproxyApp */,
				3FBF611727D7B62000F35E67 /* PacketTunnel */,
				3FBF611427D7B62000F35E67 /* Frameworks */,
				3FBF60F527D7B46D00F35E67 /* Products */,
			);
			sourceTree = "<group>";
		};
		3FBF60F527D7B46D00F35E67 /* Products */ = {
			isa = PBXGroup;
			children = (
				3FBF60F427D7B46D00F35E67 /* Xproxy.app */,
				3FBF611327D7B62000F35E67 /* PacketTunnel.appex */,
			);
			name = Products;
			sourceTree = "<group>";
		};
		3FBF60F627D7B46D00F35E67 /* XproxyApp */ = {
			isa = PBXGroup;
			children = (
				3FEDC36128BE6D0700F00790 /* Controllers */,
				3F8C880227E3A55C002031CB /* Model */,
				3F66233127DD1E9100CD2DF7 /* Views */,
				3F3D9CD127DB946100DEB6D3 /* iPad */,
				3F3D9CD027DB945000DEB6D3 /* iPhone */,
				3FBF610E27D7B47500F35E67 /* Xproxy.entitlements */,
				3FBF60F727D7B46D00F35E67 /* AppDelegate.swift */,
				3FBF60F927D7B46D00F35E67 /* SceneDelegate.swift */,
				3FBF610327D7B46E00F35E67 /* Assets.xcassets */,
				3FBF610527D7B46E00F35E67 /* LaunchScreen.storyboard */,
				3FBF610827D7B46E00F35E67 /* Info.plist */,
				3FBF610027D7B46D00F35E67 /* Xproxy.xcdatamodeld */,
			);
			path = XproxyApp;
			sourceTree = "<group>";
		};
		3FBF611427D7B62000F35E67 /* Frameworks */ = {
			isa = PBXGroup;
			children = (
				3FBF611527D7B62000F35E67 /* NetworkExtension.framework */,
			);
			name = Frameworks;
			sourceTree = "<group>";
		};
		3FBF611727D7B62000F35E67 /* PacketTunnel */ = {
			isa = PBXGroup;
			children = (
				3FBF611827D7B62000F35E67 /* PacketTunnelProvider.swift */,
				3FBF611A27D7B62000F35E67 /* Info.plist */,
				3FBF611B27D7B62000F35E67 /* PacketTunnel.entitlements */,
			);
			path = PacketTunnel;
			sourceTree = "<group>";
		};
		3FDC07BE27DA3C6F00B53758 /* Xproxy */ = {
			isa = PBXGroup;
			children = (
				3F6C8D0827DF205000E5FD97 /* platform.h */,
				3F8CBE5627DF082D002EECBB /* cfg.c */,
				3F8CBE5527DF082D002EECBB /* cfg.h */,
				3FDC07BF27DA3C6F00B53758 /* crypt.c */,
				3FDC07C727DA3C6F00B53758 /* crypt.h */,
				3FDC07CD27DA3C6F00B53758 /* el.c */,
				3FDC07C527DA3C6F00B53758 /* el.h */,
				3FDC07C027DA3C6F00B53758 /* local-proxy.c */,
				3FDC07E127DA414B00B53758 /* local-proxy.h */,
				3FDC07C927DA3C6F00B53758 /* log.h */,
				3FDC07C627DA3C6F00B53758 /* poller.c */,
				3FDC07C227DA3C6F00B53758 /* poller.h */,
				3FDC07CC27DA3C6F00B53758 /* socks5.h */,
				3FDC07C327DA3C6F00B53758 /* tcp-connection.c */,
				3FDC07CB27DA3C6F00B53758 /* tcp-connection.h */,
				3FDC07C827DA3C6F00B53758 /* utils.c */,
				3FDC07C127DA3C6F00B53758 /* utils.h */,
				3FDC07C427DA3C6F00B53758 /* xproxy.c */,
				3FDC07CA27DA3C6F00B53758 /* xproxy.h */,
				3FDC07E227DA41EC00B53758 /* Xproxy-Bridging-Header.h */,
			);
			path = Xproxy;
			sourceTree = "<group>";
		};
		3FEDC36128BE6D0700F00790 /* Controllers */ = {
			isa = PBXGroup;
			children = (
				3F96C61F28BD2E7F00E7FD2D /* ScannerViewController.storyboard */,
				3F96C61D28BD2E4600E7FD2D /* ScannerViewController.swift */,
				3F96C61B28BD271300E7FD2D /* QRImageViewController.storyboard */,
				3F96C61928BD26F500E7FD2D /* QRImageViewController.swift */,
			);
			path = Controllers;
			sourceTree = "<group>";
		};
/* End PBXGroup section */

/* Begin PBXNativeTarget section */
		3FBF60F327D7B46D00F35E67 /* Xproxy */ = {
			isa = PBXNativeTarget;
			buildConfigurationList = 3FBF610B27D7B46E00F35E67 /* Build configuration list for PBXNativeTarget "Xproxy" */;
			buildPhases = (
				3FBF60F027D7B46D00F35E67 /* Sources */,
				3FBF60F127D7B46D00F35E67 /* Frameworks */,
				3FBF60F227D7B46D00F35E67 /* Resources */,
				3FBF612227D7B62000F35E67 /* Embed App Extensions */,
				3F66232827DCF74D00CD2DF7 /* Embed Frameworks */,
			);
			buildRules = (
			);
			dependencies = (
				3FBF611D27D7B62000F35E67 /* PBXTargetDependency */,
			);
			name = Xproxy;
			productName = Xproxy;
			productReference = 3FBF60F427D7B46D00F35E67 /* Xproxy.app */;
			productType = "com.apple.product-type.application";
		};
		3FBF611227D7B62000F35E67 /* PacketTunnel */ = {
			isa = PBXNativeTarget;
			buildConfigurationList = 3FBF611F27D7B62000F35E67 /* Build configuration list for PBXNativeTarget "PacketTunnel" */;
			buildPhases = (
				3FBF610F27D7B62000F35E67 /* Sources */,
				3FBF611027D7B62000F35E67 /* Frameworks */,
				3FBF611127D7B62000F35E67 /* Resources */,
				3FDC07E027DA3DE800B53758 /* Embed Frameworks */,
			);
			buildRules = (
			);
			dependencies = (
			);
			name = PacketTunnel;
			productName = PacketTunnel;
			productReference = 3FBF611327D7B62000F35E67 /* PacketTunnel.appex */;
			productType = "com.apple.product-type.app-extension";
		};
/* End PBXNativeTarget section */

/* Begin PBXProject section */
		3FBF60EC27D7B46D00F35E67 /* Project object */ = {
			isa = PBXProject;
			attributes = {
				BuildIndependentTargetsInParallel = 1;
				LastSwiftUpdateCheck = 1320;
				LastUpgradeCheck = 1320;
				TargetAttributes = {
					3FBF60F327D7B46D00F35E67 = {
						CreatedOnToolsVersion = 13.2.1;
					};
					3FBF611227D7B62000F35E67 = {
						CreatedOnToolsVersion = 13.2.1;
					};
				};
			};
			buildConfigurationList = 3FBF60EF27D7B46D00F35E67 /* Build configuration list for PBXProject "Xproxy" */;
			compatibilityVersion = "Xcode 13.0";
			developmentRegion = en;
			hasScannedForEncodings = 0;
			knownRegions = (
				en,
				Base,
			);
			mainGroup = 3FBF60EB27D7B46D00F35E67;
			productRefGroup = 3FBF60F527D7B46D00F35E67 /* Products */;
			projectDirPath = "";
			projectRoot = "";
			targets = (
				3FBF60F327D7B46D00F35E67 /* Xproxy */,
				3FBF611227D7B62000F35E67 /* PacketTunnel */,
			);
		};
/* End PBXProject section */

/* Begin PBXResourcesBuildPhase section */
		3FBF60F227D7B46D00F35E67 /* Resources */ = {
			isa = PBXResourcesBuildPhase;
			buildActionMask = 2147483647;
			files = (
				3F96C61C28BD271300E7FD2D /* QRImageViewController.storyboard in Resources */,
				3F3D9CCF27DB91CC00DEB6D3 /* iPad.storyboard in Resources */,
				3F26DC1F27E22ED1001E5B8D /* MethodPickerTableViewCell.xib in Resources */,
				3FBF610727D7B46E00F35E67 /* LaunchScreen.storyboard in Resources */,
				3FBF610427D7B46E00F35E67 /* Assets.xcassets in Resources */,
				3F66233527DD46C800CD2DF7 /* ExceptionTableViewCell.xib in Resources */,
				3F66231C27DCB3C800CD2DF7 /* VpnStatusTableViewCell.xib in Resources */,
				3F92CAC927E72721002FAD74 /* LICENSE in Resources */,
				3F96C62028BD2E7F00E7FD2D /* ScannerViewController.storyboard in Resources */,
				3F66232027DCDEDA00CD2DF7 /* VpnInfoTableViewCell.xib in Resources */,
				3F3D9CDE27DBC84F00DEB6D3 /* VpnTableViewCell.xib in Resources */,
				3F66233027DD159200CD2DF7 /* README.txt in Resources */,
				3FBF60FF27D7B46D00F35E67 /* iPhone.storyboard in Resources */,
				3F3D9CE227DBD43300DEB6D3 /* PadVpnInfoTableViewCell.xib in Resources */,
			);
			runOnlyForDeploymentPostprocessing = 0;
		};
		3FBF611127D7B62000F35E67 /* Resources */ = {
			isa = PBXResourcesBuildPhase;
			buildActionMask = 2147483647;
			files = (
			);
			runOnlyForDeploymentPostprocessing = 0;
		};
/* End PBXResourcesBuildPhase section */

/* Begin PBXSourcesBuildPhase section */
		3FBF60F027D7B46D00F35E67 /* Sources */ = {
			isa = PBXSourcesBuildPhase;
			buildActionMask = 2147483647;
			files = (
				3F26DC1E27E22ED1001E5B8D /* MethodPickerTableViewCell.swift in Sources */,
				3F66231F27DCDEDA00CD2DF7 /* VpnInfoTableViewCell.swift in Sources */,
				3F8C880627E3A6CA002031CB /* VpnConfiguration.swift in Sources */,
				3F66232B27DCF77700CD2DF7 /* xproxy.c in Sources */,
				3FBF60FC27D7B46D00F35E67 /* ViewController.swift in Sources */,
				3FCBC74E27EE009D00C0AA0B /* FileManager+Extension.swift in Sources */,
				3FEDC35828BE4A8200F00790 /* Double+Extension.swift in Sources */,
				3F66232E27DCF78600CD2DF7 /* el.c in Sources */,
				3F3D9CD527DB94F100DEB6D3 /* SplitViewController.swift in Sources */,
				3F66233427DD46C800CD2DF7 /* ExceptionTableViewCell.swift in Sources */,
				3F3D9CDD27DBC84F00DEB6D3 /* VpnTableViewCell.swift in Sources */,
				3F66232D27DCF78000CD2DF7 /* utils.c in Sources */,
				3F3D9CD327DB948B00DEB6D3 /* MasterTableViewController.swift in Sources */,
				3F66232C27DCF77C00CD2DF7 /* poller.c in Sources */,
				3F96C61E28BD2E4600E7FD2D /* ScannerViewController.swift in Sources */,
				3F8C880427E3A59E002031CB /* Constant.swift in Sources */,
				3FBF610227D7B46D00F35E67 /* Xproxy.xcdatamodeld in Sources */,
				3F01742427ECBE3A00B49911 /* UIViewController+Extension.swift in Sources */,
				3F3D9CE127DBD43300DEB6D3 /* PadVpnInfoTableViewCell.swift in Sources */,
				3F66231B27DCB3C800CD2DF7 /* VpnStatusTableViewCell.swift in Sources */,
				3FBF60F827D7B46D00F35E67 /* AppDelegate.swift in Sources */,
				3FBF60FA27D7B46D00F35E67 /* SceneDelegate.swift in Sources */,
				3F8CBE5927DF082D002EECBB /* cfg.c in Sources */,
				3F66232927DCF76B00CD2DF7 /* crypt.c in Sources */,
				3F66232527DCF6CC00CD2DF7 /* local-proxy.c in Sources */,
				3F96C61A28BD26F500E7FD2D /* QRImageViewController.swift in Sources */,
				3F3D9CD727DBBBE600DEB6D3 /* PadVpnConfViewController.swift in Sources */,
				3FCBC74B27EDFCA200C0AA0B /* TunnelError.swift in Sources */,
				3F66232227DCF0C600CD2DF7 /* AboutTableViewController.swift in Sources */,
				3F66232A27DCF77100CD2DF7 /* tcp-connection.c in Sources */,
				3F01AD6327DB680800906633 /* VpnConfViewController.swift in Sources */,
			);
			runOnlyForDeploymentPostprocessing = 0;
		};
		3FBF610F27D7B62000F35E67 /* Sources */ = {
			isa = PBXSourcesBuildPhase;
			buildActionMask = 2147483647;
			files = (
				3FDC07CF27DA3C6F00B53758 /* crypt.c in Sources */,
				3FDC07D927DA3C6F00B53758 /* utils.c in Sources */,
				3FDC07D727DA3C6F00B53758 /* poller.c in Sources */,
				3FDC07D327DA3C6F00B53758 /* tcp-connection.c in Sources */,
				3FEDC35928BE4A8200F00790 /* Double+Extension.swift in Sources */,
				3F8CBE5A27DF082D002EECBB /* cfg.c in Sources */,
				3FCBC74F27EE009D00C0AA0B /* FileManager+Extension.swift in Sources */,
				3FDC07D127DA3C6F00B53758 /* local-proxy.c in Sources */,
				3FDC07D527DA3C6F00B53758 /* xproxy.c in Sources */,
				3F8C880727E3A6CA002031CB /* VpnConfiguration.swift in Sources */,
				3FCBC74C27EDFCA200C0AA0B /* TunnelError.swift in Sources */,
				3FDC07DB27DA3C6F00B53758 /* el.c in Sources */,
				3FBF611927D7B62000F35E67 /* PacketTunnelProvider.swift in Sources */,
			);
			runOnlyForDeploymentPostprocessing = 0;
		};
/* End PBXSourcesBuildPhase section */

/* Begin PBXTargetDependency section */
		3FBF611D27D7B62000F35E67 /* PBXTargetDependency */ = {
			isa = PBXTargetDependency;
			target = 3FBF611227D7B62000F35E67 /* PacketTunnel */;
			targetProxy = 3FBF611C27D7B62000F35E67 /* PBXContainerItemProxy */;
		};
/* End PBXTargetDependency section */

/* Begin PBXVariantGroup section */
		3FBF60FD27D7B46D00F35E67 /* iPhone.storyboard */ = {
			isa = PBXVariantGroup;
			children = (
				3FBF60FE27D7B46D00F35E67 /* Base */,
			);
			name = iPhone.storyboard;
			sourceTree = "<group>";
		};
		3FBF610527D7B46E00F35E67 /* LaunchScreen.storyboard */ = {
			isa = PBXVariantGroup;
			children = (
				3FBF610627D7B46E00F35E67 /* Base */,
			);
			name = LaunchScreen.storyboard;
			sourceTree = "<group>";
		};
/* End PBXVariantGroup section */

/* Begin XCBuildConfiguration section */
		3FBF610927D7B46E00F35E67 /* Debug */ = {
			isa = XCBuildConfiguration;
			buildSettings = {
				ALWAYS_SEARCH_USER_PATHS = NO;
				CLANG_ANALYZER_NONNULL = YES;
				CLANG_ANALYZER_NUMBER_OBJECT_CONVERSION = YES_AGGRESSIVE;
				CLANG_CXX_LANGUAGE_STANDARD = "gnu++17";
				CLANG_CXX_LIBRARY = "libc++";
				CLANG_ENABLE_MODULES = YES;
				CLANG_ENABLE_OBJC_ARC = YES;
				CLANG_ENABLE_OBJC_WEAK = YES;
				CLANG_WARN_BLOCK_CAPTURE_AUTORELEASING = YES;
				CLANG_WARN_BOOL_CONVERSION = YES;
				CLANG_WARN_COMMA = YES;
				CLANG_WARN_CONSTANT_CONVERSION = YES;
				CLANG_WARN_DEPRECATED_OBJC_IMPLEMENTATIONS = YES;
				CLANG_WARN_DIRECT_OBJC_ISA_USAGE = YES_ERROR;
				CLANG_WARN_DOCUMENTATION_COMMENTS = YES;
				CLANG_WARN_EMPTY_BODY = YES;
				CLANG_WARN_ENUM_CONVERSION = YES;
				CLANG_WARN_INFINITE_RECURSION = YES;
				CLANG_WARN_INT_CONVERSION = YES;
				CLANG_WARN_NON_LITERAL_NULL_CONVERSION = YES;
				CLANG_WARN_OBJC_IMPLICIT_RETAIN_SELF = YES;
				CLANG_WARN_OBJC_LITERAL_CONVERSION = YES;
				CLANG_WARN_OBJC_ROOT_CLASS = YES_ERROR;
				CLANG_WARN_QUOTED_INCLUDE_IN_FRAMEWORK_HEADER = YES;
				CLANG_WARN_RANGE_LOOP_ANALYSIS = YES;
				CLANG_WARN_STRICT_PROTOTYPES = YES;
				CLANG_WARN_SUSPICIOUS_MOVE = YES;
				CLANG_WARN_UNGUARDED_AVAILABILITY = YES_AGGRESSIVE;
				CLANG_WARN_UNREACHABLE_CODE = YES;
				CLANG_WARN__DUPLICATE_METHOD_MATCH = YES;
				COPY_PHASE_STRIP = NO;
				DEBUG_INFORMATION_FORMAT = dwarf;
				ENABLE_STRICT_OBJC_MSGSEND = YES;
				ENABLE_TESTABILITY = YES;
				GCC_C_LANGUAGE_STANDARD = gnu11;
				GCC_DYNAMIC_NO_PIC = NO;
				GCC_NO_COMMON_BLOCKS = YES;
				GCC_OPTIMIZATION_LEVEL = 0;
				GCC_PREPROCESSOR_DEFINITIONS = (
					"DEBUG=1",
					"$(inherited)",
				);
				GCC_WARN_64_TO_32_BIT_CONVERSION = YES;
				GCC_WARN_ABOUT_RETURN_TYPE = YES_ERROR;
				GCC_WARN_UNDECLARED_SELECTOR = YES;
				GCC_WARN_UNINITIALIZED_AUTOS = YES_AGGRESSIVE;
				GCC_WARN_UNUSED_FUNCTION = YES;
				GCC_WARN_UNUSED_VARIABLE = YES;
				IPHONEOS_DEPLOYMENT_TARGET = 14.0;
				MTL_ENABLE_DEBUG_INFO = INCLUDE_SOURCE;
				MTL_FAST_MATH = YES;
				ONLY_ACTIVE_ARCH = YES;
				SDKROOT = iphoneos;
				SWIFT_ACTIVE_COMPILATION_CONDITIONS = DEBUG;
				SWIFT_OPTIMIZATION_LEVEL = "-Onone";
			};
			name = Debug;
		};
		3FBF610A27D7B46E00F35E67 /* Release */ = {
			isa = XCBuildConfiguration;
			buildSettings = {
				ALWAYS_SEARCH_USER_PATHS = NO;
				CLANG_ANALYZER_NONNULL = YES;
				CLANG_ANALYZER_NUMBER_OBJECT_CONVERSION = YES_AGGRESSIVE;
				CLANG_CXX_LANGUAGE_STANDARD = "gnu++17";
				CLANG_CXX_LIBRARY = "libc++";
				CLANG_ENABLE_MODULES = YES;
				CLANG_ENABLE_OBJC_ARC = YES;
				CLANG_ENABLE_OBJC_WEAK = YES;
				CLANG_WARN_BLOCK_CAPTURE_AUTORELEASING = YES;
				CLANG_WARN_BOOL_CONVERSION = YES;
				CLANG_WARN_COMMA = YES;
				CLANG_WARN_CONSTANT_CONVERSION = YES;
				CLANG_WARN_DEPRECATED_OBJC_IMPLEMENTATIONS = YES;
				CLANG_WARN_DIRECT_OBJC_ISA_USAGE = YES_ERROR;
				CLANG_WARN_DOCUMENTATION_COMMENTS = YES;
				CLANG_WARN_EMPTY_BODY = YES;
				CLANG_WARN_ENUM_CONVERSION = YES;
				CLANG_WARN_INFINITE_RECURSION = YES;
				CLANG_WARN_INT_CONVERSION = YES;
				CLANG_WARN_NON_LITERAL_NULL_CONVERSION = YES;
				CLANG_WARN_OBJC_IMPLICIT_RETAIN_SELF = YES;
				CLANG_WARN_OBJC_LITERAL_CONVERSION = YES;
				CLANG_WARN_OBJC_ROOT_CLASS = YES_ERROR;
				CLANG_WARN_QUOTED_INCLUDE_IN_FRAMEWORK_HEADER = YES;
				CLANG_WARN_RANGE_LOOP_ANALYSIS = YES;
				CLANG_WARN_STRICT_PROTOTYPES = YES;
				CLANG_WARN_SUSPICIOUS_MOVE = YES;
				CLANG_WARN_UNGUARDED_AVAILABILITY = YES_AGGRESSIVE;
				CLANG_WARN_UNREACHABLE_CODE = YES;
				CLANG_WARN__DUPLICATE_METHOD_MATCH = YES;
				COPY_PHASE_STRIP = NO;
				DEBUG_INFORMATION_FORMAT = "dwarf-with-dsym";
				ENABLE_NS_ASSERTIONS = NO;
				ENABLE_STRICT_OBJC_MSGSEND = YES;
				GCC_C_LANGUAGE_STANDARD = gnu11;
				GCC_NO_COMMON_BLOCKS = YES;
				GCC_WARN_64_TO_32_BIT_CONVERSION = YES;
				GCC_WARN_ABOUT_RETURN_TYPE = YES_ERROR;
				GCC_WARN_UNDECLARED_SELECTOR = YES;
				GCC_WARN_UNINITIALIZED_AUTOS = YES_AGGRESSIVE;
				GCC_WARN_UNUSED_FUNCTION = YES;
				GCC_WARN_UNUSED_VARIABLE = YES;
				IPHONEOS_DEPLOYMENT_TARGET = 14.0;
				MTL_ENABLE_DEBUG_INFO = NO;
				MTL_FAST_MATH = YES;
				SDKROOT = iphoneos;
				SWIFT_COMPILATION_MODE = wholemodule;
				SWIFT_OPTIMIZATION_LEVEL = "-O";
				VALIDATE_PRODUCT = YES;
			};
			name = Release;
		};
		3FBF610C27D7B46E00F35E67 /* Debug */ = {
			isa = XCBuildConfiguration;
			buildSettings = {
				ALWAYS_EMBED_SWIFT_STANDARD_LIBRARIES = YES;
				ASSETCATALOG_COMPILER_APPICON_NAME = AppIcon;
				ASSETCATALOG_COMPILER_GLOBAL_ACCENT_COLOR_NAME = AccentColor;
				CODE_SIGN_ENTITLEMENTS = XproxyApp/Xproxy.entitlements;
				CODE_SIGN_STYLE = Automatic;
				CURRENT_PROJECT_VERSION = 132;
				DEVELOPMENT_TEAM = KMX6B9L26T;
				FRAMEWORK_SEARCH_PATHS = (
					"$(inherited)",
					"$(PROJECT_DIR)",
				);
				GCC_C_LANGUAGE_STANDARD = gnu11;
				GENERATE_INFOPLIST_FILE = YES;
				INFOPLIST_FILE = XproxyApp/Info.plist;
				INFOPLIST_KEY_NSCameraUsageDescription = "Xproxy needs permission to scan QR code...";
				INFOPLIST_KEY_NSPhotoLibraryUsageDescription = "Xproxy needs permission to write photos...";
				INFOPLIST_KEY_UIApplicationSupportsIndirectInputEvents = YES;
				INFOPLIST_KEY_UILaunchStoryboardName = LaunchScreen;
				INFOPLIST_KEY_UISupportedInterfaceOrientations_iPad = "UIInterfaceOrientationPortrait UIInterfaceOrientationPortraitUpsideDown UIInterfaceOrientationLandscapeLeft UIInterfaceOrientationLandscapeRight";
				INFOPLIST_KEY_UISupportedInterfaceOrientations_iPhone = "UIInterfaceOrientationPortrait UIInterfaceOrientationLandscapeLeft UIInterfaceOrientationLandscapeRight";
				IPHONEOS_DEPLOYMENT_TARGET = 14.0;
				LD_RUNPATH_SEARCH_PATHS = (
					"$(inherited)",
					"@executable_path/Frameworks",
				);
				MARKETING_VERSION = 1.1.1;
				PRODUCT_BUNDLE_IDENTIFIER = com.lampmanyao.Xproxy;
				PRODUCT_NAME = "$(TARGET_NAME)";
				SWIFT_EMIT_LOC_STRINGS = YES;
				SWIFT_OBJC_BRIDGING_HEADER = "Xproxy/Xproxy-Bridging-Header.h";
				SWIFT_VERSION = 5.0;
				TARGETED_DEVICE_FAMILY = "1,2";
			};
			name = Debug;
		};
		3FBF610D27D7B46E00F35E67 /* Release */ = {
			isa = XCBuildConfiguration;
			buildSettings = {
				ALWAYS_EMBED_SWIFT_STANDARD_LIBRARIES = YES;
				ASSETCATALOG_COMPILER_APPICON_NAME = AppIcon;
				ASSETCATALOG_COMPILER_GLOBAL_ACCENT_COLOR_NAME = AccentColor;
				CODE_SIGN_ENTITLEMENTS = XproxyApp/Xproxy.entitlements;
				CODE_SIGN_STYLE = Automatic;
				CURRENT_PROJECT_VERSION = 132;
				DEVELOPMENT_TEAM = KMX6B9L26T;
				FRAMEWORK_SEARCH_PATHS = (
					"$(inherited)",
					"$(PROJECT_DIR)",
				);
				GCC_C_LANGUAGE_STANDARD = gnu11;
				GENERATE_INFOPLIST_FILE = YES;
				INFOPLIST_FILE = XproxyApp/Info.plist;
				INFOPLIST_KEY_NSCameraUsageDescription = "Xproxy needs permission to scan QR code...";
				INFOPLIST_KEY_NSPhotoLibraryUsageDescription = "Xproxy needs permission to write photos...";
				INFOPLIST_KEY_UIApplicationSupportsIndirectInputEvents = YES;
				INFOPLIST_KEY_UILaunchStoryboardName = LaunchScreen;
				INFOPLIST_KEY_UISupportedInterfaceOrientations_iPad = "UIInterfaceOrientationPortrait UIInterfaceOrientationPortraitUpsideDown UIInterfaceOrientationLandscapeLeft UIInterfaceOrientationLandscapeRight";
				INFOPLIST_KEY_UISupportedInterfaceOrientations_iPhone = "UIInterfaceOrientationPortrait UIInterfaceOrientationLandscapeLeft UIInterfaceOrientationLandscapeRight";
				IPHONEOS_DEPLOYMENT_TARGET = 14.0;
				LD_RUNPATH_SEARCH_PATHS = (
					"$(inherited)",
					"@executable_path/Frameworks",
				);
				MARKETING_VERSION = 1.1.1;
				PRODUCT_BUNDLE_IDENTIFIER = com.lampmanyao.Xproxy;
				PRODUCT_NAME = "$(TARGET_NAME)";
				SWIFT_EMIT_LOC_STRINGS = YES;
				SWIFT_OBJC_BRIDGING_HEADER = "Xproxy/Xproxy-Bridging-Header.h";
				SWIFT_VERSION = 5.0;
				TARGETED_DEVICE_FAMILY = "1,2";
			};
			name = Release;
		};
		3FBF612027D7B62000F35E67 /* Debug */ = {
			isa = XCBuildConfiguration;
			buildSettings = {
				CODE_SIGN_ENTITLEMENTS = PacketTunnel/PacketTunnel.entitlements;
				CODE_SIGN_STYLE = Automatic;
				CURRENT_PROJECT_VERSION = 132;
				DEVELOPMENT_TEAM = KMX6B9L26T;
				FRAMEWORK_SEARCH_PATHS = (
					"$(inherited)",
					"$(PROJECT_DIR)",
				);
				GENERATE_INFOPLIST_FILE = YES;
				HEADER_SEARCH_PATHS = "\"$(SRCROOT)/XproxyKit\"";
				INFOPLIST_FILE = PacketTunnel/Info.plist;
				INFOPLIST_KEY_CFBundleDisplayName = PacketTunnel;
				INFOPLIST_KEY_NSHumanReadableCopyright = "";
				IPHONEOS_DEPLOYMENT_TARGET = 14.0;
				LD_RUNPATH_SEARCH_PATHS = (
					"$(inherited)",
					"@executable_path/Frameworks",
					"@executable_path/../../Frameworks",
				);
				MARKETING_VERSION = 1.1.1;
				PRODUCT_BUNDLE_IDENTIFIER = com.lampmanyao.Xproxy.PacketTunnel;
				PRODUCT_NAME = "$(TARGET_NAME)";
				SKIP_INSTALL = YES;
				SWIFT_EMIT_LOC_STRINGS = YES;
				SWIFT_OBJC_BRIDGING_HEADER = "Xproxy/Xproxy-Bridging-Header.h";
				SWIFT_OBJC_INTERFACE_HEADER_NAME = "";
				SWIFT_VERSION = 5.0;
				TARGETED_DEVICE_FAMILY = "1,2";
			};
			name = Debug;
		};
		3FBF612127D7B62000F35E67 /* Release */ = {
			isa = XCBuildConfiguration;
			buildSettings = {
				CODE_SIGN_ENTITLEMENTS = PacketTunnel/PacketTunnel.entitlements;
				CODE_SIGN_STYLE = Automatic;
				CURRENT_PROJECT_VERSION = 132;
				DEVELOPMENT_TEAM = KMX6B9L26T;
				FRAMEWORK_SEARCH_PATHS = (
					"$(inherited)",
					"$(PROJECT_DIR)",
				);
				GENERATE_INFOPLIST_FILE = YES;
				HEADER_SEARCH_PATHS = "\"$(SRCROOT)/XproxyKit\"";
				INFOPLIST_FILE = PacketTunnel/Info.plist;
				INFOPLIST_KEY_CFBundleDisplayName = PacketTunnel;
				INFOPLIST_KEY_NSHumanReadableCopyright = "";
				IPHONEOS_DEPLOYMENT_TARGET = 14.0;
				LD_RUNPATH_SEARCH_PATHS = (
					"$(inherited)",
					"@executable_path/Frameworks",
					"@executable_path/../../Frameworks",
				);
				MARKETING_VERSION = 1.1.1;
				PRODUCT_BUNDLE_IDENTIFIER = com.lampmanyao.Xproxy.PacketTunnel;
				PRODUCT_NAME = "$(TARGET_NAME)";
				SKIP_INSTALL = YES;
				SWIFT_EMIT_LOC_STRINGS = YES;
				SWIFT_OBJC_BRIDGING_HEADER = "Xproxy/Xproxy-Bridging-Header.h";
				SWIFT_OBJC_INTERFACE_HEADER_NAME = "";
				SWIFT_VERSION = 5.0;
				TARGETED_DEVICE_FAMILY = "1,2";
			};
			name = Release;
		};
/* End XCBuildConfiguration section */

/* Begin XCConfigurationList section */
		3FBF60EF27D7B46D00F35E67 /* Build configuration list for PBXProject "Xproxy" */ = {
			isa = XCConfigurationList;
			buildConfigurations = (
				3FBF610927D7B46E00F35E67 /* Debug */,
				3FBF610A27D7B46E00F35E67 /* Release */,
			);
			defaultConfigurationIsVisible = 0;
			defaultConfigurationName = Release;
		};
		3FBF610B27D7B46E00F35E67 /* Build configuration list for PBXNativeTarget "Xproxy" */ = {
			isa = XCConfigurationList;
			buildConfigurations = (
				3FBF610C27D7B46E00F35E67 /* Debug */,
				3FBF610D27D7B46E00F35E67 /* Release */,
			);
			defaultConfigurationIsVisible = 0;
			defaultConfigurationName = Release;
		};
		3FBF611F27D7B62000F35E67 /* Build configuration list for PBXNativeTarget "PacketTunnel" */ = {
			isa = XCConfigurationList;
			buildConfigurations = (
				3FBF612027D7B62000F35E67 /* Debug */,
				3FBF612127D7B62000F35E67 /* Release */,
			);
			defaultConfigurationIsVisible = 0;
			defaultConfigurationName = Release;
		};
/* End XCConfigurationList section */

/* Begin XCVersionGroup section */
		3FBF610027D7B46D00F35E67 /* Xproxy.xcdatamodeld */ = {
			isa = XCVersionGroup;
			children = (
				3FBF610127D7B46D00F35E67 /* Xproxy.xcdatamodel */,
			);
			currentVersion = 3FBF610127D7B46D00F35E67 /* Xproxy.xcdatamodel */;
			path = Xproxy.xcdatamodeld;
			sourceTree = "<group>";
			versionGroupType = wrapper.xcdatamodel;
		};
/* End XCVersionGroup section */
	};
	rootObject = 3FBF60EC27D7B46D00F35E67 /* Project object */;
}
