// !$*UTF8*$!
{
	archiveVersion = 1;
	classes = {
	};
	objectVersion = 77;
	objects = {

/* Begin PBXBuildFile section */
		3F04731D2D0B0D8B0013A9BE /* NetworkExtension.framework in Frameworks */ = {isa = PBXBuildFile; fileRef = 3FB019462D062A1300BD6BC1 /* NetworkExtension.framework */; };
		3F0473252D0B0D8B0013A9BE /* PacketTunnel.appex in Embed Foundation Extensions */ = {isa = PBXBuildFile; fileRef = 3F04731C2D0B0D8B0013A9BE /* PacketTunnel.appex */; settings = {ATTRIBUTES = (RemoveHeadersOnCopy, ); }; };
		3F04732A2D0B0DF00013A9BE /* utils.c in Sources */ = {isa = PBXBuildFile; fileRef = 3FB01A252D06B8A200BD6BC1 /* utils.c */; };
		3F04732B2D0B0DF00013A9BE /* local-proxy.c in Sources */ = {isa = PBXBuildFile; fileRef = 3FB01A0F2D06B8A200BD6BC1 /* local-proxy.c */; };
		3F04732C2D0B0DF00013A9BE /* crypt.c in Sources */ = {isa = PBXBuildFile; fileRef = 3FB01A052D06B8A200BD6BC1 /* crypt.c */; };
		3F04732D2D0B0DF00013A9BE /* cfg.c in Sources */ = {isa = PBXBuildFile; fileRef = 3FB019FB2D06B8A200BD6BC1 /* cfg.c */; };
		3F04732E2D0B0DF00013A9BE /* poller.c in Sources */ = {isa = PBXBuildFile; fileRef = 3FB01A182D06B8A200BD6BC1 /* poller.c */; };
		3F04732F2D0B0DF00013A9BE /* xproxy.c in Sources */ = {isa = PBXBuildFile; fileRef = 3FB01A282D06B8A200BD6BC1 /* xproxy.c */; };
		3F0473302D0B0DF00013A9BE /* tcp-connection.c in Sources */ = {isa = PBXBuildFile; fileRef = 3FB01A222D06B8A200BD6BC1 /* tcp-connection.c */; };
		3F0473312D0B0DF00013A9BE /* el.c in Sources */ = {isa = PBXBuildFile; fileRef = 3FB01A092D06B8A200BD6BC1 /* el.c */; };
		3F0473362D0B0EB60013A9BE /* libcrypto_macOS.a in Frameworks */ = {isa = PBXBuildFile; fileRef = 3FB019C42D062B6200BD6BC1 /* libcrypto_macOS.a */; platformFilters = (macos, ); };
		3F0473372D0B0EB60013A9BE /* libssl_macOS.a in Frameworks */ = {isa = PBXBuildFile; fileRef = 3FB019C52D062B6200BD6BC1 /* libssl_macOS.a */; platformFilters = (macos, ); };
		3F0473382D0B105E0013A9BE /* libcrypto_iOS.a in Frameworks */ = {isa = PBXBuildFile; fileRef = 3FB019C12D062B6200BD6BC1 /* libcrypto_iOS.a */; platformFilter = ios; };
		3F0473392D0B105E0013A9BE /* libssl_iOS.a in Frameworks */ = {isa = PBXBuildFile; fileRef = 3FB019C22D062B6200BD6BC1 /* libssl_iOS.a */; platformFilter = ios; };
		3F0473452D0B87580013A9BE /* statstic.c in Sources */ = {isa = PBXBuildFile; fileRef = 3F0473442D0B87580013A9BE /* statstic.c */; };
		3F0473462D0B87580013A9BE /* statstic.c in Sources */ = {isa = PBXBuildFile; fileRef = 3F0473442D0B87580013A9BE /* statstic.c */; };
		3FB019DA2D06AF6300BD6BC1 /* libcrypto_iOS.a in Frameworks */ = {isa = PBXBuildFile; fileRef = 3FB019C12D062B6200BD6BC1 /* libcrypto_iOS.a */; platformFilter = ios; };
		3FB019DB2D06AF6300BD6BC1 /* libssl_iOS.a in Frameworks */ = {isa = PBXBuildFile; fileRef = 3FB019C22D062B6200BD6BC1 /* libssl_iOS.a */; platformFilter = ios; };
		3FB019DC2D06AF8500BD6BC1 /* libcrypto_macOS.a in Frameworks */ = {isa = PBXBuildFile; fileRef = 3FB019C42D062B6200BD6BC1 /* libcrypto_macOS.a */; platformFilters = (macos, ); };
		3FB019DD2D06AF8500BD6BC1 /* libssl_macOS.a in Frameworks */ = {isa = PBXBuildFile; fileRef = 3FB019C52D062B6200BD6BC1 /* libssl_macOS.a */; platformFilters = (macos, ); };
		3FB01A612D06B8A200BD6BC1 /* el.c in Sources */ = {isa = PBXBuildFile; fileRef = 3FB01A092D06B8A200BD6BC1 /* el.c */; };
		3FB01A622D06B8A200BD6BC1 /* cfg.c in Sources */ = {isa = PBXBuildFile; fileRef = 3FB019FB2D06B8A200BD6BC1 /* cfg.c */; };
		3FB01A632D06B8A200BD6BC1 /* utils.c in Sources */ = {isa = PBXBuildFile; fileRef = 3FB01A252D06B8A200BD6BC1 /* utils.c */; };
		3FB01A662D06B8A200BD6BC1 /* poller.c in Sources */ = {isa = PBXBuildFile; fileRef = 3FB01A182D06B8A200BD6BC1 /* poller.c */; };
		3FB01A672D06B8A200BD6BC1 /* crypt.c in Sources */ = {isa = PBXBuildFile; fileRef = 3FB01A052D06B8A200BD6BC1 /* crypt.c */; };
		3FB01A682D06B8A200BD6BC1 /* tcp-connection.c in Sources */ = {isa = PBXBuildFile; fileRef = 3FB01A222D06B8A200BD6BC1 /* tcp-connection.c */; };
		3FB01A692D06B8A200BD6BC1 /* local-proxy.c in Sources */ = {isa = PBXBuildFile; fileRef = 3FB01A0F2D06B8A200BD6BC1 /* local-proxy.c */; };
		3FB01A6A2D06B8A200BD6BC1 /* xproxy.c in Sources */ = {isa = PBXBuildFile; fileRef = 3FB01A282D06B8A200BD6BC1 /* xproxy.c */; };
/* End PBXBuildFile section */

/* Begin PBXContainerItemProxy section */
		3F0473232D0B0D8B0013A9BE /* PBXContainerItemProxy */ = {
			isa = PBXContainerItemProxy;
			containerPortal = 3FB019262D06297700BD6BC1 /* Project object */;
			proxyType = 1;
			remoteGlobalIDString = 3F04731B2D0B0D8B0013A9BE;
			remoteInfo = PacketTunnel;
		};
/* End PBXContainerItemProxy section */

/* Begin PBXCopyFilesBuildPhase section */
		3F0472F72D0AFB470013A9BE /* Embed System Extensions */ = {
			isa = PBXCopyFilesBuildPhase;
			buildActionMask = 2147483647;
			dstPath = "$(SYSTEM_EXTENSIONS_FOLDER_PATH)";
			dstSubfolderSpec = 16;
			files = (
			);
			name = "Embed System Extensions";
			runOnlyForDeploymentPostprocessing = 0;
		};
		3FB019542D062A1300BD6BC1 /* Embed Foundation Extensions */ = {
			isa = PBXCopyFilesBuildPhase;
			buildActionMask = 2147483647;
			dstPath = "";
			dstSubfolderSpec = 13;
			files = (
				3F0473252D0B0D8B0013A9BE /* PacketTunnel.appex in Embed Foundation Extensions */,
			);
			name = "Embed Foundation Extensions";
			runOnlyForDeploymentPostprocessing = 0;
		};
/* End PBXCopyFilesBuildPhase section */

/* Begin PBXFileReference section */
		3F04731C2D0B0D8B0013A9BE /* PacketTunnel.appex */ = {isa = PBXFileReference; explicitFileType = "wrapper.app-extension"; includeInIndex = 0; path = PacketTunnel.appex; sourceTree = BUILT_PRODUCTS_DIR; };
		3F0473432D0B862F0013A9BE /* statstic.h */ = {isa = PBXFileReference; indentWidth = 8; lastKnownFileType = sourcecode.c.h; path = statstic.h; sourceTree = "<group>"; tabWidth = 8; usesTabs = 1; };
		3F0473442D0B87580013A9BE /* statstic.c */ = {isa = PBXFileReference; indentWidth = 8; lastKnownFileType = sourcecode.c.c; path = statstic.c; sourceTree = "<group>"; tabWidth = 8; usesTabs = 1; };
		3F6F8D162D0E662D00C18B9E /* LICENSE */ = {isa = PBXFileReference; lastKnownFileType = text; path = LICENSE; sourceTree = "<group>"; };
		3F6F8D182D0E694E00C18B9E /* README.md */ = {isa = PBXFileReference; lastKnownFileType = net.daringfireball.markdown; path = README.md; sourceTree = "<group>"; };
		3FB0192E2D06297700BD6BC1 /* Xproxy.app */ = {isa = PBXFileReference; explicitFileType = wrapper.application; includeInIndex = 0; path = Xproxy.app; sourceTree = BUILT_PRODUCTS_DIR; };
		3FB019462D062A1300BD6BC1 /* NetworkExtension.framework */ = {isa = PBXFileReference; lastKnownFileType = wrapper.framework; name = NetworkExtension.framework; path = System/Library/Frameworks/NetworkExtension.framework; sourceTree = SDKROOT; };
		3FB019572D062B6200BD6BC1 /* aes.h */ = {isa = PBXFileReference; lastKnownFileType = sourcecode.c.h; path = aes.h; sourceTree = "<group>"; };
		3FB019582D062B6200BD6BC1 /* asn1.h */ = {isa = PBXFileReference; lastKnownFileType = sourcecode.c.h; path = asn1.h; sourceTree = "<group>"; };
		3FB019592D062B6200BD6BC1 /* asn1_mac.h */ = {isa = PBXFileReference; lastKnownFileType = sourcecode.c.h; path = asn1_mac.h; sourceTree = "<group>"; };
		3FB0195A2D062B6200BD6BC1 /* asn1err.h */ = {isa = PBXFileReference; lastKnownFileType = sourcecode.c.h; path = asn1err.h; sourceTree = "<group>"; };
		3FB0195B2D062B6200BD6BC1 /* asn1t.h */ = {isa = PBXFileReference; lastKnownFileType = sourcecode.c.h; path = asn1t.h; sourceTree = "<group>"; };
		3FB0195C2D062B6200BD6BC1 /* async.h */ = {isa = PBXFileReference; lastKnownFileType = sourcecode.c.h; path = async.h; sourceTree = "<group>"; };
		3FB0195D2D062B6200BD6BC1 /* asyncerr.h */ = {isa = PBXFileReference; lastKnownFileType = sourcecode.c.h; path = asyncerr.h; sourceTree = "<group>"; };
		3FB0195E2D062B6200BD6BC1 /* bio.h */ = {isa = PBXFileReference; lastKnownFileType = sourcecode.c.h; path = bio.h; sourceTree = "<group>"; };
		3FB0195F2D062B6200BD6BC1 /* bioerr.h */ = {isa = PBXFileReference; lastKnownFileType = sourcecode.c.h; path = bioerr.h; sourceTree = "<group>"; };
		3FB019602D062B6200BD6BC1 /* blowfish.h */ = {isa = PBXFileReference; lastKnownFileType = sourcecode.c.h; path = blowfish.h; sourceTree = "<group>"; };
		3FB019612D062B6200BD6BC1 /* bn.h */ = {isa = PBXFileReference; lastKnownFileType = sourcecode.c.h; path = bn.h; sourceTree = "<group>"; };
		3FB019622D062B6200BD6BC1 /* bnerr.h */ = {isa = PBXFileReference; lastKnownFileType = sourcecode.c.h; path = bnerr.h; sourceTree = "<group>"; };
		3FB019632D062B6200BD6BC1 /* buffer.h */ = {isa = PBXFileReference; lastKnownFileType = sourcecode.c.h; path = buffer.h; sourceTree = "<group>"; };
		3FB019642D062B6200BD6BC1 /* buffererr.h */ = {isa = PBXFileReference; lastKnownFileType = sourcecode.c.h; path = buffererr.h; sourceTree = "<group>"; };
		3FB019652D062B6200BD6BC1 /* camellia.h */ = {isa = PBXFileReference; lastKnownFileType = sourcecode.c.h; path = camellia.h; sourceTree = "<group>"; };
		3FB019662D062B6200BD6BC1 /* cast.h */ = {isa = PBXFileReference; lastKnownFileType = sourcecode.c.h; path = cast.h; sourceTree = "<group>"; };
		3FB019672D062B6200BD6BC1 /* cmac.h */ = {isa = PBXFileReference; lastKnownFileType = sourcecode.c.h; path = cmac.h; sourceTree = "<group>"; };
		3FB019682D062B6200BD6BC1 /* cms.h */ = {isa = PBXFileReference; lastKnownFileType = sourcecode.c.h; path = cms.h; sourceTree = "<group>"; };
		3FB019692D062B6200BD6BC1 /* cmserr.h */ = {isa = PBXFileReference; lastKnownFileType = sourcecode.c.h; path = cmserr.h; sourceTree = "<group>"; };
		3FB0196A2D062B6200BD6BC1 /* comp.h */ = {isa = PBXFileReference; lastKnownFileType = sourcecode.c.h; path = comp.h; sourceTree = "<group>"; };
		3FB0196B2D062B6200BD6BC1 /* comperr.h */ = {isa = PBXFileReference; lastKnownFileType = sourcecode.c.h; path = comperr.h; sourceTree = "<group>"; };
		3FB0196C2D062B6200BD6BC1 /* conf.h */ = {isa = PBXFileReference; lastKnownFileType = sourcecode.c.h; path = conf.h; sourceTree = "<group>"; };
		3FB0196D2D062B6200BD6BC1 /* conf_api.h */ = {isa = PBXFileReference; lastKnownFileType = sourcecode.c.h; path = conf_api.h; sourceTree = "<group>"; };
		3FB0196E2D062B6200BD6BC1 /* conferr.h */ = {isa = PBXFileReference; lastKnownFileType = sourcecode.c.h; path = conferr.h; sourceTree = "<group>"; };
		3FB0196F2D062B6200BD6BC1 /* crypto.h */ = {isa = PBXFileReference; lastKnownFileType = sourcecode.c.h; path = crypto.h; sourceTree = "<group>"; };
		3FB019702D062B6200BD6BC1 /* cryptoerr.h */ = {isa = PBXFileReference; lastKnownFileType = sourcecode.c.h; path = cryptoerr.h; sourceTree = "<group>"; };
		3FB019712D062B6200BD6BC1 /* ct.h */ = {isa = PBXFileReference; lastKnownFileType = sourcecode.c.h; path = ct.h; sourceTree = "<group>"; };
		3FB019722D062B6200BD6BC1 /* cterr.h */ = {isa = PBXFileReference; lastKnownFileType = sourcecode.c.h; path = cterr.h; sourceTree = "<group>"; };
		3FB019732D062B6200BD6BC1 /* des.h */ = {isa = PBXFileReference; lastKnownFileType = sourcecode.c.h; path = des.h; sourceTree = "<group>"; };
		3FB019742D062B6200BD6BC1 /* dh.h */ = {isa = PBXFileReference; lastKnownFileType = sourcecode.c.h; path = dh.h; sourceTree = "<group>"; };
		3FB019752D062B6200BD6BC1 /* dherr.h */ = {isa = PBXFileReference; lastKnownFileType = sourcecode.c.h; path = dherr.h; sourceTree = "<group>"; };
		3FB019762D062B6200BD6BC1 /* dsa.h */ = {isa = PBXFileReference; lastKnownFileType = sourcecode.c.h; path = dsa.h; sourceTree = "<group>"; };
		3FB019772D062B6200BD6BC1 /* dsaerr.h */ = {isa = PBXFileReference; lastKnownFileType = sourcecode.c.h; path = dsaerr.h; sourceTree = "<group>"; };
		3FB019782D062B6200BD6BC1 /* dtls1.h */ = {isa = PBXFileReference; lastKnownFileType = sourcecode.c.h; path = dtls1.h; sourceTree = "<group>"; };
		3FB019792D062B6200BD6BC1 /* e_os2.h */ = {isa = PBXFileReference; lastKnownFileType = sourcecode.c.h; path = e_os2.h; sourceTree = "<group>"; };
		3FB0197A2D062B6200BD6BC1 /* ebcdic.h */ = {isa = PBXFileReference; lastKnownFileType = sourcecode.c.h; path = ebcdic.h; sourceTree = "<group>"; };
		3FB0197B2D062B6200BD6BC1 /* ec.h */ = {isa = PBXFileReference; lastKnownFileType = sourcecode.c.h; path = ec.h; sourceTree = "<group>"; };
		3FB0197C2D062B6200BD6BC1 /* ecdh.h */ = {isa = PBXFileReference; lastKnownFileType = sourcecode.c.h; path = ecdh.h; sourceTree = "<group>"; };
		3FB0197D2D062B6200BD6BC1 /* ecdsa.h */ = {isa = PBXFileReference; lastKnownFileType = sourcecode.c.h; path = ecdsa.h; sourceTree = "<group>"; };
		3FB0197E2D062B6200BD6BC1 /* ecerr.h */ = {isa = PBXFileReference; lastKnownFileType = sourcecode.c.h; path = ecerr.h; sourceTree = "<group>"; };
		3FB0197F2D062B6200BD6BC1 /* engine.h */ = {isa = PBXFileReference; lastKnownFileType = sourcecode.c.h; path = engine.h; sourceTree = "<group>"; };
		3FB019802D062B6200BD6BC1 /* engineerr.h */ = {isa = PBXFileReference; lastKnownFileType = sourcecode.c.h; path = engineerr.h; sourceTree = "<group>"; };
		3FB019812D062B6200BD6BC1 /* err.h */ = {isa = PBXFileReference; lastKnownFileType = sourcecode.c.h; path = err.h; sourceTree = "<group>"; };
		3FB019822D062B6200BD6BC1 /* evp.h */ = {isa = PBXFileReference; lastKnownFileType = sourcecode.c.h; path = evp.h; sourceTree = "<group>"; };
		3FB019832D062B6200BD6BC1 /* evperr.h */ = {isa = PBXFileReference; lastKnownFileType = sourcecode.c.h; path = evperr.h; sourceTree = "<group>"; };
		3FB019842D062B6200BD6BC1 /* hmac.h */ = {isa = PBXFileReference; lastKnownFileType = sourcecode.c.h; path = hmac.h; sourceTree = "<group>"; };
		3FB019852D062B6200BD6BC1 /* idea.h */ = {isa = PBXFileReference; lastKnownFileType = sourcecode.c.h; path = idea.h; sourceTree = "<group>"; };
		3FB019862D062B6200BD6BC1 /* kdf.h */ = {isa = PBXFileReference; lastKnownFileType = sourcecode.c.h; path = kdf.h; sourceTree = "<group>"; };
		3FB019872D062B6200BD6BC1 /* kdferr.h */ = {isa = PBXFileReference; lastKnownFileType = sourcecode.c.h; path = kdferr.h; sourceTree = "<group>"; };
		3FB019882D062B6200BD6BC1 /* lhash.h */ = {isa = PBXFileReference; lastKnownFileType = sourcecode.c.h; path = lhash.h; sourceTree = "<group>"; };
		3FB019892D062B6200BD6BC1 /* md2.h */ = {isa = PBXFileReference; lastKnownFileType = sourcecode.c.h; path = md2.h; sourceTree = "<group>"; };
		3FB0198A2D062B6200BD6BC1 /* md4.h */ = {isa = PBXFileReference; lastKnownFileType = sourcecode.c.h; path = md4.h; sourceTree = "<group>"; };
		3FB0198B2D062B6200BD6BC1 /* md5.h */ = {isa = PBXFileReference; lastKnownFileType = sourcecode.c.h; path = md5.h; sourceTree = "<group>"; };
		3FB0198C2D062B6200BD6BC1 /* mdc2.h */ = {isa = PBXFileReference; lastKnownFileType = sourcecode.c.h; path = mdc2.h; sourceTree = "<group>"; };
		3FB0198D2D062B6200BD6BC1 /* modes.h */ = {isa = PBXFileReference; lastKnownFileType = sourcecode.c.h; path = modes.h; sourceTree = "<group>"; };
		3FB0198E2D062B6200BD6BC1 /* obj_mac.h */ = {isa = PBXFileReference; lastKnownFileType = sourcecode.c.h; path = obj_mac.h; sourceTree = "<group>"; };
		3FB0198F2D062B6200BD6BC1 /* objects.h */ = {isa = PBXFileReference; lastKnownFileType = sourcecode.c.h; path = objects.h; sourceTree = "<group>"; };
		3FB019902D062B6200BD6BC1 /* objectserr.h */ = {isa = PBXFileReference; lastKnownFileType = sourcecode.c.h; path = objectserr.h; sourceTree = "<group>"; };
		3FB019912D062B6200BD6BC1 /* ocsp.h */ = {isa = PBXFileReference; lastKnownFileType = sourcecode.c.h; path = ocsp.h; sourceTree = "<group>"; };
		3FB019922D062B6200BD6BC1 /* ocsperr.h */ = {isa = PBXFileReference; lastKnownFileType = sourcecode.c.h; path = ocsperr.h; sourceTree = "<group>"; };
		3FB019932D062B6200BD6BC1 /* opensslconf.h */ = {isa = PBXFileReference; lastKnownFileType = sourcecode.c.h; path = opensslconf.h; sourceTree = "<group>"; };
		3FB019942D062B6200BD6BC1 /* opensslv.h */ = {isa = PBXFileReference; lastKnownFileType = sourcecode.c.h; path = opensslv.h; sourceTree = "<group>"; };
		3FB019952D062B6200BD6BC1 /* ossl_typ.h */ = {isa = PBXFileReference; lastKnownFileType = sourcecode.c.h; path = ossl_typ.h; sourceTree = "<group>"; };
		3FB019962D062B6200BD6BC1 /* pem.h */ = {isa = PBXFileReference; lastKnownFileType = sourcecode.c.h; path = pem.h; sourceTree = "<group>"; };
		3FB019972D062B6200BD6BC1 /* pem2.h */ = {isa = PBXFileReference; lastKnownFileType = sourcecode.c.h; path = pem2.h; sourceTree = "<group>"; };
		3FB019982D062B6200BD6BC1 /* pemerr.h */ = {isa = PBXFileReference; lastKnownFileType = sourcecode.c.h; path = pemerr.h; sourceTree = "<group>"; };
		3FB019992D062B6200BD6BC1 /* pkcs7.h */ = {isa = PBXFileReference; lastKnownFileType = sourcecode.c.h; path = pkcs7.h; sourceTree = "<group>"; };
		3FB0199A2D062B6200BD6BC1 /* pkcs7err.h */ = {isa = PBXFileReference; lastKnownFileType = sourcecode.c.h; path = pkcs7err.h; sourceTree = "<group>"; };
		3FB0199B2D062B6200BD6BC1 /* pkcs12.h */ = {isa = PBXFileReference; lastKnownFileType = sourcecode.c.h; path = pkcs12.h; sourceTree = "<group>"; };
		3FB0199C2D062B6200BD6BC1 /* pkcs12err.h */ = {isa = PBXFileReference; lastKnownFileType = sourcecode.c.h; path = pkcs12err.h; sourceTree = "<group>"; };
		3FB0199D2D062B6200BD6BC1 /* rand.h */ = {isa = PBXFileReference; lastKnownFileType = sourcecode.c.h; path = rand.h; sourceTree = "<group>"; };
		3FB0199E2D062B6200BD6BC1 /* rand_drbg.h */ = {isa = PBXFileReference; lastKnownFileType = sourcecode.c.h; path = rand_drbg.h; sourceTree = "<group>"; };
		3FB0199F2D062B6200BD6BC1 /* randerr.h */ = {isa = PBXFileReference; lastKnownFileType = sourcecode.c.h; path = randerr.h; sourceTree = "<group>"; };
		3FB019A02D062B6200BD6BC1 /* rc2.h */ = {isa = PBXFileReference; lastKnownFileType = sourcecode.c.h; path = rc2.h; sourceTree = "<group>"; };
		3FB019A12D062B6200BD6BC1 /* rc4.h */ = {isa = PBXFileReference; lastKnownFileType = sourcecode.c.h; path = rc4.h; sourceTree = "<group>"; };
		3FB019A22D062B6200BD6BC1 /* rc5.h */ = {isa = PBXFileReference; lastKnownFileType = sourcecode.c.h; path = rc5.h; sourceTree = "<group>"; };
		3FB019A32D062B6200BD6BC1 /* ripemd.h */ = {isa = PBXFileReference; lastKnownFileType = sourcecode.c.h; path = ripemd.h; sourceTree = "<group>"; };
		3FB019A42D062B6200BD6BC1 /* rsa.h */ = {isa = PBXFileReference; lastKnownFileType = sourcecode.c.h; path = rsa.h; sourceTree = "<group>"; };
		3FB019A52D062B6200BD6BC1 /* rsaerr.h */ = {isa = PBXFileReference; lastKnownFileType = sourcecode.c.h; path = rsaerr.h; sourceTree = "<group>"; };
		3FB019A62D062B6200BD6BC1 /* safestack.h */ = {isa = PBXFileReference; lastKnownFileType = sourcecode.c.h; path = safestack.h; sourceTree = "<group>"; };
		3FB019A72D062B6200BD6BC1 /* seed.h */ = {isa = PBXFileReference; lastKnownFileType = sourcecode.c.h; path = seed.h; sourceTree = "<group>"; };
		3FB019A82D062B6200BD6BC1 /* sha.h */ = {isa = PBXFileReference; lastKnownFileType = sourcecode.c.h; path = sha.h; sourceTree = "<group>"; };
		3FB019A92D062B6200BD6BC1 /* srp.h */ = {isa = PBXFileReference; lastKnownFileType = sourcecode.c.h; path = srp.h; sourceTree = "<group>"; };
		3FB019AA2D062B6200BD6BC1 /* srtp.h */ = {isa = PBXFileReference; lastKnownFileType = sourcecode.c.h; path = srtp.h; sourceTree = "<group>"; };
		3FB019AB2D062B6200BD6BC1 /* ssl.h */ = {isa = PBXFileReference; lastKnownFileType = sourcecode.c.h; path = ssl.h; sourceTree = "<group>"; };
		3FB019AC2D062B6200BD6BC1 /* ssl2.h */ = {isa = PBXFileReference; lastKnownFileType = sourcecode.c.h; path = ssl2.h; sourceTree = "<group>"; };
		3FB019AD2D062B6200BD6BC1 /* ssl3.h */ = {isa = PBXFileReference; lastKnownFileType = sourcecode.c.h; path = ssl3.h; sourceTree = "<group>"; };
		3FB019AE2D062B6200BD6BC1 /* sslerr.h */ = {isa = PBXFileReference; lastKnownFileType = sourcecode.c.h; path = sslerr.h; sourceTree = "<group>"; };
		3FB019AF2D062B6200BD6BC1 /* stack.h */ = {isa = PBXFileReference; lastKnownFileType = sourcecode.c.h; path = stack.h; sourceTree = "<group>"; };
		3FB019B02D062B6200BD6BC1 /* store.h */ = {isa = PBXFileReference; lastKnownFileType = sourcecode.c.h; path = store.h; sourceTree = "<group>"; };
		3FB019B12D062B6200BD6BC1 /* storeerr.h */ = {isa = PBXFileReference; lastKnownFileType = sourcecode.c.h; path = storeerr.h; sourceTree = "<group>"; };
		3FB019B22D062B6200BD6BC1 /* symhacks.h */ = {isa = PBXFileReference; lastKnownFileType = sourcecode.c.h; path = symhacks.h; sourceTree = "<group>"; };
		3FB019B32D062B6200BD6BC1 /* tls1.h */ = {isa = PBXFileReference; lastKnownFileType = sourcecode.c.h; path = tls1.h; sourceTree = "<group>"; };
		3FB019B42D062B6200BD6BC1 /* ts.h */ = {isa = PBXFileReference; lastKnownFileType = sourcecode.c.h; path = ts.h; sourceTree = "<group>"; };
		3FB019B52D062B6200BD6BC1 /* tserr.h */ = {isa = PBXFileReference; lastKnownFileType = sourcecode.c.h; path = tserr.h; sourceTree = "<group>"; };
		3FB019B62D062B6200BD6BC1 /* txt_db.h */ = {isa = PBXFileReference; lastKnownFileType = sourcecode.c.h; path = txt_db.h; sourceTree = "<group>"; };
		3FB019B72D062B6200BD6BC1 /* ui.h */ = {isa = PBXFileReference; lastKnownFileType = sourcecode.c.h; path = ui.h; sourceTree = "<group>"; };
		3FB019B82D062B6200BD6BC1 /* uierr.h */ = {isa = PBXFileReference; lastKnownFileType = sourcecode.c.h; path = uierr.h; sourceTree = "<group>"; };
		3FB019B92D062B6200BD6BC1 /* whrlpool.h */ = {isa = PBXFileReference; lastKnownFileType = sourcecode.c.h; path = whrlpool.h; sourceTree = "<group>"; };
		3FB019BA2D062B6200BD6BC1 /* x509.h */ = {isa = PBXFileReference; lastKnownFileType = sourcecode.c.h; path = x509.h; sourceTree = "<group>"; };
		3FB019BB2D062B6200BD6BC1 /* x509_vfy.h */ = {isa = PBXFileReference; lastKnownFileType = sourcecode.c.h; path = x509_vfy.h; sourceTree = "<group>"; };
		3FB019BC2D062B6200BD6BC1 /* x509err.h */ = {isa = PBXFileReference; lastKnownFileType = sourcecode.c.h; path = x509err.h; sourceTree = "<group>"; };
		3FB019BD2D062B6200BD6BC1 /* x509v3.h */ = {isa = PBXFileReference; lastKnownFileType = sourcecode.c.h; path = x509v3.h; sourceTree = "<group>"; };
		3FB019BE2D062B6200BD6BC1 /* x509v3err.h */ = {isa = PBXFileReference; lastKnownFileType = sourcecode.c.h; path = x509v3err.h; sourceTree = "<group>"; };
		3FB019C12D062B6200BD6BC1 /* libcrypto_iOS.a */ = {isa = PBXFileReference; lastKnownFileType = archive.ar; path = libcrypto_iOS.a; sourceTree = "<group>"; };
		3FB019C22D062B6200BD6BC1 /* libssl_iOS.a */ = {isa = PBXFileReference; lastKnownFileType = archive.ar; path = libssl_iOS.a; sourceTree = "<group>"; };
		3FB019C42D062B6200BD6BC1 /* libcrypto_macOS.a */ = {isa = PBXFileReference; lastKnownFileType = archive.ar; path = libcrypto_macOS.a; sourceTree = "<group>"; };
		3FB019C52D062B6200BD6BC1 /* libssl_macOS.a */ = {isa = PBXFileReference; lastKnownFileType = archive.ar; path = libssl_macOS.a; sourceTree = "<group>"; };
		3FB019FA2D06B8A200BD6BC1 /* cfg.h */ = {isa = PBXFileReference; indentWidth = 8; lastKnownFileType = sourcecode.c.h; path = cfg.h; sourceTree = "<group>"; tabWidth = 8; usesTabs = 1; };
		3FB019FB2D06B8A200BD6BC1 /* cfg.c */ = {isa = PBXFileReference; indentWidth = 8; lastKnownFileType = sourcecode.c.c; path = cfg.c; sourceTree = "<group>"; tabWidth = 8; usesTabs = 1; };
		3FB01A042D06B8A200BD6BC1 /* crypt.h */ = {isa = PBXFileReference; indentWidth = 8; lastKnownFileType = sourcecode.c.h; path = crypt.h; sourceTree = "<group>"; tabWidth = 8; usesTabs = 1; };
		3FB01A052D06B8A200BD6BC1 /* crypt.c */ = {isa = PBXFileReference; indentWidth = 8; lastKnownFileType = sourcecode.c.c; path = crypt.c; sourceTree = "<group>"; tabWidth = 8; usesTabs = 1; };
		3FB01A082D06B8A200BD6BC1 /* el.h */ = {isa = PBXFileReference; indentWidth = 8; lastKnownFileType = sourcecode.c.h; path = el.h; sourceTree = "<group>"; tabWidth = 8; usesTabs = 1; };
		3FB01A092D06B8A200BD6BC1 /* el.c */ = {isa = PBXFileReference; indentWidth = 8; lastKnownFileType = sourcecode.c.c; path = el.c; sourceTree = "<group>"; tabWidth = 8; usesTabs = 1; };
		3FB01A0D2D06B8A200BD6BC1 /* local-proxy.h */ = {isa = PBXFileReference; indentWidth = 8; lastKnownFileType = sourcecode.c.h; path = "local-proxy.h"; sourceTree = "<group>"; tabWidth = 8; usesTabs = 1; };
		3FB01A0F2D06B8A200BD6BC1 /* local-proxy.c */ = {isa = PBXFileReference; indentWidth = 8; lastKnownFileType = sourcecode.c.c; path = "local-proxy.c"; sourceTree = "<group>"; tabWidth = 8; usesTabs = 1; };
		3FB01A112D06B8A200BD6BC1 /* log.h */ = {isa = PBXFileReference; indentWidth = 8; lastKnownFileType = sourcecode.c.h; path = log.h; sourceTree = "<group>"; tabWidth = 8; usesTabs = 1; };
		3FB01A162D06B8A200BD6BC1 /* platform.h */ = {isa = PBXFileReference; indentWidth = 8; lastKnownFileType = sourcecode.c.h; path = platform.h; sourceTree = "<group>"; tabWidth = 8; usesTabs = 1; };
		3FB01A172D06B8A200BD6BC1 /* poller.h */ = {isa = PBXFileReference; indentWidth = 8; lastKnownFileType = sourcecode.c.h; path = poller.h; sourceTree = "<group>"; tabWidth = 8; usesTabs = 1; };
		3FB01A182D06B8A200BD6BC1 /* poller.c */ = {isa = PBXFileReference; indentWidth = 8; lastKnownFileType = sourcecode.c.c; path = poller.c; sourceTree = "<group>"; tabWidth = 8; usesTabs = 1; };
		3FB01A1F2D06B8A200BD6BC1 /* socks5.h */ = {isa = PBXFileReference; indentWidth = 8; lastKnownFileType = sourcecode.c.h; path = socks5.h; sourceTree = "<group>"; tabWidth = 8; usesTabs = 1; };
		3FB01A212D06B8A200BD6BC1 /* tcp-connection.h */ = {isa = PBXFileReference; indentWidth = 8; lastKnownFileType = sourcecode.c.h; path = "tcp-connection.h"; sourceTree = "<group>"; tabWidth = 8; usesTabs = 1; };
		3FB01A222D06B8A200BD6BC1 /* tcp-connection.c */ = {isa = PBXFileReference; indentWidth = 8; lastKnownFileType = sourcecode.c.c; path = "tcp-connection.c"; sourceTree = "<group>"; tabWidth = 8; usesTabs = 1; };
		3FB01A242D06B8A200BD6BC1 /* utils.h */ = {isa = PBXFileReference; indentWidth = 8; lastKnownFileType = sourcecode.c.h; path = utils.h; sourceTree = "<group>"; tabWidth = 8; usesTabs = 1; };
		3FB01A252D06B8A200BD6BC1 /* utils.c */ = {isa = PBXFileReference; indentWidth = 8; lastKnownFileType = sourcecode.c.c; path = utils.c; sourceTree = "<group>"; tabWidth = 8; usesTabs = 1; };
		3FB01A272D06B8A200BD6BC1 /* xproxy.h */ = {isa = PBXFileReference; indentWidth = 8; lastKnownFileType = sourcecode.c.h; path = xproxy.h; sourceTree = "<group>"; tabWidth = 8; usesTabs = 1; };
		3FB01A282D06B8A200BD6BC1 /* xproxy.c */ = {isa = PBXFileReference; indentWidth = 8; lastKnownFileType = sourcecode.c.c; path = xproxy.c; sourceTree = "<group>"; tabWidth = 8; usesTabs = 1; };
		3FB01A2A2D06B8A200BD6BC1 /* Xproxy-Bridging-Header.h */ = {isa = PBXFileReference; lastKnownFileType = sourcecode.c.h; path = "Xproxy-Bridging-Header.h"; sourceTree = "<group>"; };
/* End PBXFileReference section */

/* Begin PBXFileSystemSynchronizedBuildFileExceptionSet section */
		3F0473292D0B0D8B0013A9BE /* Exceptions for "PacketTunnel" folder in "PacketTunnel" target */ = {
			isa = PBXFileSystemSynchronizedBuildFileExceptionSet;
			membershipExceptions = (
				Info.plist,
			);
			target = 3F04731B2D0B0D8B0013A9BE /* PacketTunnel */;
		};
		3F0473332D0B0E730013A9BE /* Exceptions for "App" folder in "PacketTunnel" target */ = {
			isa = PBXFileSystemSynchronizedBuildFileExceptionSet;
			membershipExceptions = (
				Model/Bundle.swift,
				Model/ConfigurationError.swift,
				Model/Date.swift,
				Model/Defaults.swift,
				Model/FileManager.swift,
				Model/Integer.swift,
				Model/PortNumberFormatter.swift,
				Model/VPNError.swift,
			);
			target = 3F04731B2D0B0D8B0013A9BE /* PacketTunnel */;
		};
		3F43C8AB2D096B6700836FF1 /* Exceptions for "PAC" folder in "Xproxy" target */ = {
			isa = PBXFileSystemSynchronizedBuildFileExceptionSet;
			membershipExceptions = (
				config.pac,
			);
			target = 3FB0192D2D06297700BD6BC1 /* Xproxy */;
		};
		3F6F8D072D0E1A4300C18B9E /* Exceptions for "PAC" folder in "PacketTunnel" target */ = {
			isa = PBXFileSystemSynchronizedBuildFileExceptionSet;
			membershipExceptions = (
				config.pac,
			);
			target = 3F04731B2D0B0D8B0013A9BE /* PacketTunnel */;
		};
/* End PBXFileSystemSynchronizedBuildFileExceptionSet section */

/* Begin PBXFileSystemSynchronizedRootGroup section */
		3F04731E2D0B0D8B0013A9BE /* PacketTunnel */ = {
			isa = PBXFileSystemSynchronizedRootGroup;
			exceptions = (
				3F0473292D0B0D8B0013A9BE /* Exceptions for "PacketTunnel" folder in "PacketTunnel" target */,
			);
			path = PacketTunnel;
			sourceTree = "<group>";
		};
		3F43C8A52D096B3400836FF1 /* PAC */ = {
			isa = PBXFileSystemSynchronizedRootGroup;
			exceptions = (
				3F43C8AB2D096B6700836FF1 /* Exceptions for "PAC" folder in "Xproxy" target */,
				3F6F8D072D0E1A4300C18B9E /* Exceptions for "PAC" folder in "PacketTunnel" target */,
			);
			path = PAC;
			sourceTree = "<group>";
		};
		3FB019302D06297700BD6BC1 /* App */ = {
			isa = PBXFileSystemSynchronizedRootGroup;
			exceptions = (
				3F0473332D0B0E730013A9BE /* Exceptions for "App" folder in "PacketTunnel" target */,
			);
			path = App;
			sourceTree = "<group>";
		};
/* End PBXFileSystemSynchronizedRootGroup section */

/* Begin PBXFrameworksBuildPhase section */
		3F0473192D0B0D8B0013A9BE /* Frameworks */ = {
			isa = PBXFrameworksBuildPhase;
			buildActionMask = 2147483647;
			files = (
				3F0473382D0B105E0013A9BE /* libcrypto_iOS.a in Frameworks */,
				3F0473362D0B0EB60013A9BE /* libcrypto_macOS.a in Frameworks */,
				3F04731D2D0B0D8B0013A9BE /* NetworkExtension.framework in Frameworks */,
				3F0473372D0B0EB60013A9BE /* libssl_macOS.a in Frameworks */,
				3F0473392D0B105E0013A9BE /* libssl_iOS.a in Frameworks */,
			);
			runOnlyForDeploymentPostprocessing = 0;
		};
		3FB0192B2D06297700BD6BC1 /* Frameworks */ = {
			isa = PBXFrameworksBuildPhase;
			buildActionMask = 2147483647;
			files = (
				3FB019DD2D06AF8500BD6BC1 /* libssl_macOS.a in Frameworks */,
				3FB019DB2D06AF6300BD6BC1 /* libssl_iOS.a in Frameworks */,
				3FB019DA2D06AF6300BD6BC1 /* libcrypto_iOS.a in Frameworks */,
				3FB019DC2D06AF8500BD6BC1 /* libcrypto_macOS.a in Frameworks */,
			);
			runOnlyForDeploymentPostprocessing = 0;
		};
/* End PBXFrameworksBuildPhase section */

/* Begin PBXGroup section */
		3FB019252D06297700BD6BC1 = {
			isa = PBXGroup;
			children = (
				3F6F8D182D0E694E00C18B9E /* README.md */,
				3F6F8D162D0E662D00C18B9E /* LICENSE */,
				3FB01A2A2D06B8A200BD6BC1 /* Xproxy-Bridging-Header.h */,
				3F43C8A52D096B3400836FF1 /* PAC */,
				3FB019C82D062B6200BD6BC1 /* openssl */,
				3FB01A2B2D06B8A200BD6BC1 /* Xproxy */,
				3FB019302D06297700BD6BC1 /* App */,
				3F04731E2D0B0D8B0013A9BE /* PacketTunnel */,
				3FB019452D062A1300BD6BC1 /* Frameworks */,
				3FB0192F2D06297700BD6BC1 /* Products */,
			);
			sourceTree = "<group>";
		};
		3FB0192F2D06297700BD6BC1 /* Products */ = {
			isa = PBXGroup;
			children = (
				3FB0192E2D06297700BD6BC1 /* Xproxy.app */,
				3F04731C2D0B0D8B0013A9BE /* PacketTunnel.appex */,
			);
			name = Products;
			sourceTree = "<group>";
		};
		3FB019452D062A1300BD6BC1 /* Frameworks */ = {
			isa = PBXGroup;
			children = (
				3FB019462D062A1300BD6BC1 /* NetworkExtension.framework */,
			);
			name = Frameworks;
			sourceTree = "<group>";
		};
		3FB019BF2D062B6200BD6BC1 /* openssl */ = {
			isa = PBXGroup;
			children = (
				3FB019572D062B6200BD6BC1 /* aes.h */,
				3FB019582D062B6200BD6BC1 /* asn1.h */,
				3FB019592D062B6200BD6BC1 /* asn1_mac.h */,
				3FB0195A2D062B6200BD6BC1 /* asn1err.h */,
				3FB0195B2D062B6200BD6BC1 /* asn1t.h */,
				3FB0195C2D062B6200BD6BC1 /* async.h */,
				3FB0195D2D062B6200BD6BC1 /* asyncerr.h */,
				3FB0195E2D062B6200BD6BC1 /* bio.h */,
				3FB0195F2D062B6200BD6BC1 /* bioerr.h */,
				3FB019602D062B6200BD6BC1 /* blowfish.h */,
				3FB019612D062B6200BD6BC1 /* bn.h */,
				3FB019622D062B6200BD6BC1 /* bnerr.h */,
				3FB019632D062B6200BD6BC1 /* buffer.h */,
				3FB019642D062B6200BD6BC1 /* buffererr.h */,
				3FB019652D062B6200BD6BC1 /* camellia.h */,
				3FB019662D062B6200BD6BC1 /* cast.h */,
				3FB019672D062B6200BD6BC1 /* cmac.h */,
				3FB019682D062B6200BD6BC1 /* cms.h */,
				3FB019692D062B6200BD6BC1 /* cmserr.h */,
				3FB0196A2D062B6200BD6BC1 /* comp.h */,
				3FB0196B2D062B6200BD6BC1 /* comperr.h */,
				3FB0196C2D062B6200BD6BC1 /* conf.h */,
				3FB0196D2D062B6200BD6BC1 /* conf_api.h */,
				3FB0196E2D062B6200BD6BC1 /* conferr.h */,
				3FB0196F2D062B6200BD6BC1 /* crypto.h */,
				3FB019702D062B6200BD6BC1 /* cryptoerr.h */,
				3FB019712D062B6200BD6BC1 /* ct.h */,
				3FB019722D062B6200BD6BC1 /* cterr.h */,
				3FB019732D062B6200BD6BC1 /* des.h */,
				3FB019742D062B6200BD6BC1 /* dh.h */,
				3FB019752D062B6200BD6BC1 /* dherr.h */,
				3FB019762D062B6200BD6BC1 /* dsa.h */,
				3FB019772D062B6200BD6BC1 /* dsaerr.h */,
				3FB019782D062B6200BD6BC1 /* dtls1.h */,
				3FB019792D062B6200BD6BC1 /* e_os2.h */,
				3FB0197A2D062B6200BD6BC1 /* ebcdic.h */,
				3FB0197B2D062B6200BD6BC1 /* ec.h */,
				3FB0197C2D062B6200BD6BC1 /* ecdh.h */,
				3FB0197D2D062B6200BD6BC1 /* ecdsa.h */,
				3FB0197E2D062B6200BD6BC1 /* ecerr.h */,
				3FB0197F2D062B6200BD6BC1 /* engine.h */,
				3FB019802D062B6200BD6BC1 /* engineerr.h */,
				3FB019812D062B6200BD6BC1 /* err.h */,
				3FB019822D062B6200BD6BC1 /* evp.h */,
				3FB019832D062B6200BD6BC1 /* evperr.h */,
				3FB019842D062B6200BD6BC1 /* hmac.h */,
				3FB019852D062B6200BD6BC1 /* idea.h */,
				3FB019862D062B6200BD6BC1 /* kdf.h */,
				3FB019872D062B6200BD6BC1 /* kdferr.h */,
				3FB019882D062B6200BD6BC1 /* lhash.h */,
				3FB019892D062B6200BD6BC1 /* md2.h */,
				3FB0198A2D062B6200BD6BC1 /* md4.h */,
				3FB0198B2D062B6200BD6BC1 /* md5.h */,
				3FB0198C2D062B6200BD6BC1 /* mdc2.h */,
				3FB0198D2D062B6200BD6BC1 /* modes.h */,
				3FB0198E2D062B6200BD6BC1 /* obj_mac.h */,
				3FB0198F2D062B6200BD6BC1 /* objects.h */,
				3FB019902D062B6200BD6BC1 /* objectserr.h */,
				3FB019912D062B6200BD6BC1 /* ocsp.h */,
				3FB019922D062B6200BD6BC1 /* ocsperr.h */,
				3FB019932D062B6200BD6BC1 /* opensslconf.h */,
				3FB019942D062B6200BD6BC1 /* opensslv.h */,
				3FB019952D062B6200BD6BC1 /* ossl_typ.h */,
				3FB019962D062B6200BD6BC1 /* pem.h */,
				3FB019972D062B6200BD6BC1 /* pem2.h */,
				3FB019982D062B6200BD6BC1 /* pemerr.h */,
				3FB019992D062B6200BD6BC1 /* pkcs7.h */,
				3FB0199A2D062B6200BD6BC1 /* pkcs7err.h */,
				3FB0199B2D062B6200BD6BC1 /* pkcs12.h */,
				3FB0199C2D062B6200BD6BC1 /* pkcs12err.h */,
				3FB0199D2D062B6200BD6BC1 /* rand.h */,
				3FB0199E2D062B6200BD6BC1 /* rand_drbg.h */,
				3FB0199F2D062B6200BD6BC1 /* randerr.h */,
				3FB019A02D062B6200BD6BC1 /* rc2.h */,
				3FB019A12D062B6200BD6BC1 /* rc4.h */,
				3FB019A22D062B6200BD6BC1 /* rc5.h */,
				3FB019A32D062B6200BD6BC1 /* ripemd.h */,
				3FB019A42D062B6200BD6BC1 /* rsa.h */,
				3FB019A52D062B6200BD6BC1 /* rsaerr.h */,
				3FB019A62D062B6200BD6BC1 /* safestack.h */,
				3FB019A72D062B6200BD6BC1 /* seed.h */,
				3FB019A82D062B6200BD6BC1 /* sha.h */,
				3FB019A92D062B6200BD6BC1 /* srp.h */,
				3FB019AA2D062B6200BD6BC1 /* srtp.h */,
				3FB019AB2D062B6200BD6BC1 /* ssl.h */,
				3FB019AC2D062B6200BD6BC1 /* ssl2.h */,
				3FB019AD2D062B6200BD6BC1 /* ssl3.h */,
				3FB019AE2D062B6200BD6BC1 /* sslerr.h */,
				3FB019AF2D062B6200BD6BC1 /* stack.h */,
				3FB019B02D062B6200BD6BC1 /* store.h */,
				3FB019B12D062B6200BD6BC1 /* storeerr.h */,
				3FB019B22D062B6200BD6BC1 /* symhacks.h */,
				3FB019B32D062B6200BD6BC1 /* tls1.h */,
				3FB019B42D062B6200BD6BC1 /* ts.h */,
				3FB019B52D062B6200BD6BC1 /* tserr.h */,
				3FB019B62D062B6200BD6BC1 /* txt_db.h */,
				3FB019B72D062B6200BD6BC1 /* ui.h */,
				3FB019B82D062B6200BD6BC1 /* uierr.h */,
				3FB019B92D062B6200BD6BC1 /* whrlpool.h */,
				3FB019BA2D062B6200BD6BC1 /* x509.h */,
				3FB019BB2D062B6200BD6BC1 /* x509_vfy.h */,
				3FB019BC2D062B6200BD6BC1 /* x509err.h */,
				3FB019BD2D062B6200BD6BC1 /* x509v3.h */,
				3FB019BE2D062B6200BD6BC1 /* x509v3err.h */,
			);
			path = openssl;
			sourceTree = "<group>";
		};
		3FB019C02D062B6200BD6BC1 /* include */ = {
			isa = PBXGroup;
			children = (
				3FB019BF2D062B6200BD6BC1 /* openssl */,
			);
			path = include;
			sourceTree = "<group>";
		};
		3FB019C32D062B6200BD6BC1 /* iOS */ = {
			isa = PBXGroup;
			children = (
				3FB019C12D062B6200BD6BC1 /* libcrypto_iOS.a */,
				3FB019C22D062B6200BD6BC1 /* libssl_iOS.a */,
			);
			path = iOS;
			sourceTree = "<group>";
		};
		3FB019C62D062B6200BD6BC1 /* macOS */ = {
			isa = PBXGroup;
			children = (
				3FB019C42D062B6200BD6BC1 /* libcrypto_macOS.a */,
				3FB019C52D062B6200BD6BC1 /* libssl_macOS.a */,
			);
			path = macOS;
			sourceTree = "<group>";
		};
		3FB019C72D062B6200BD6BC1 /* lib */ = {
			isa = PBXGroup;
			children = (
				3FB019C32D062B6200BD6BC1 /* iOS */,
				3FB019C62D062B6200BD6BC1 /* macOS */,
			);
			path = lib;
			sourceTree = "<group>";
		};
		3FB019C82D062B6200BD6BC1 /* openssl */ = {
			isa = PBXGroup;
			children = (
				3FB019C02D062B6200BD6BC1 /* include */,
				3FB019C72D062B6200BD6BC1 /* lib */,
			);
			path = openssl;
			sourceTree = "<group>";
		};
		3FB01A2B2D06B8A200BD6BC1 /* Xproxy */ = {
			isa = PBXGroup;
			children = (
				3FB019FA2D06B8A200BD6BC1 /* cfg.h */,
				3FB019FB2D06B8A200BD6BC1 /* cfg.c */,
				3FB01A042D06B8A200BD6BC1 /* crypt.h */,
				3FB01A052D06B8A200BD6BC1 /* crypt.c */,
				3FB01A082D06B8A200BD6BC1 /* el.h */,
				3FB01A092D06B8A200BD6BC1 /* el.c */,
				3FB01A0D2D06B8A200BD6BC1 /* local-proxy.h */,
				3FB01A0F2D06B8A200BD6BC1 /* local-proxy.c */,
				3FB01A112D06B8A200BD6BC1 /* log.h */,
				3FB01A162D06B8A200BD6BC1 /* platform.h */,
				3FB01A172D06B8A200BD6BC1 /* poller.h */,
				3FB01A182D06B8A200BD6BC1 /* poller.c */,
				3FB01A1F2D06B8A200BD6BC1 /* socks5.h */,
				3FB01A212D06B8A200BD6BC1 /* tcp-connection.h */,
				3FB01A222D06B8A200BD6BC1 /* tcp-connection.c */,
				3FB01A242D06B8A200BD6BC1 /* utils.h */,
				3FB01A252D06B8A200BD6BC1 /* utils.c */,
				3FB01A272D06B8A200BD6BC1 /* xproxy.h */,
				3FB01A282D06B8A200BD6BC1 /* xproxy.c */,
				3F0473432D0B862F0013A9BE /* statstic.h */,
				3F0473442D0B87580013A9BE /* statstic.c */,
			);
			path = Xproxy;
			sourceTree = "<group>";
		};
/* End PBXGroup section */

/* Begin PBXNativeTarget section */
		3F04731B2D0B0D8B0013A9BE /* PacketTunnel */ = {
			isa = PBXNativeTarget;
			buildConfigurationList = 3F0473262D0B0D8B0013A9BE /* Build configuration list for PBXNativeTarget "PacketTunnel" */;
			buildPhases = (
				3F0473182D0B0D8B0013A9BE /* Sources */,
				3F0473192D0B0D8B0013A9BE /* Frameworks */,
				3F04731A2D0B0D8B0013A9BE /* Resources */,
			);
			buildRules = (
			);
			dependencies = (
			);
			fileSystemSynchronizedGroups = (
				3F04731E2D0B0D8B0013A9BE /* PacketTunnel */,
			);
			name = PacketTunnel;
			packageProductDependencies = (
			);
			productName = PacketTunnel;
			productReference = 3F04731C2D0B0D8B0013A9BE /* PacketTunnel.appex */;
			productType = "com.apple.product-type.app-extension";
		};
		3FB0192D2D06297700BD6BC1 /* Xproxy */ = {
			isa = PBXNativeTarget;
			buildConfigurationList = 3FB0193D2D06297800BD6BC1 /* Build configuration list for PBXNativeTarget "Xproxy" */;
			buildPhases = (
				3FB0192A2D06297700BD6BC1 /* Sources */,
				3FB0192B2D06297700BD6BC1 /* Frameworks */,
				3FB0192C2D06297700BD6BC1 /* Resources */,
				3FB019542D062A1300BD6BC1 /* Embed Foundation Extensions */,
				3F0472F72D0AFB470013A9BE /* Embed System Extensions */,
			);
			buildRules = (
			);
			dependencies = (
				3F0473242D0B0D8B0013A9BE /* PBXTargetDependency */,
			);
			fileSystemSynchronizedGroups = (
				3FB019302D06297700BD6BC1 /* App */,
			);
			name = Xproxy;
			packageProductDependencies = (
			);
			productName = Xproxy;
			productReference = 3FB0192E2D06297700BD6BC1 /* Xproxy.app */;
			productType = "com.apple.product-type.application";
		};
/* End PBXNativeTarget section */

/* Begin PBXProject section */
		3FB019262D06297700BD6BC1 /* Project object */ = {
			isa = PBXProject;
			attributes = {
				BuildIndependentTargetsInParallel = 1;
				LastSwiftUpdateCheck = 1620;
				LastUpgradeCheck = 1620;
				TargetAttributes = {
					3F04731B2D0B0D8B0013A9BE = {
						CreatedOnToolsVersion = 16.2;
					};
					3FB0192D2D06297700BD6BC1 = {
						CreatedOnToolsVersion = 16.1;
					};
				};
			};
			buildConfigurationList = 3FB019292D06297700BD6BC1 /* Build configuration list for PBXProject "Xproxy" */;
			developmentRegion = en;
			hasScannedForEncodings = 0;
			knownRegions = (
				en,
				Base,
			);
			mainGroup = 3FB019252D06297700BD6BC1;
			minimizedProjectReferenceProxies = 1;
			preferredProjectObjectVersion = 77;
			productRefGroup = 3FB0192F2D06297700BD6BC1 /* Products */;
			projectDirPath = "";
			projectRoot = "";
			targets = (
				3FB0192D2D06297700BD6BC1 /* Xproxy */,
				3F04731B2D0B0D8B0013A9BE /* PacketTunnel */,
			);
		};
/* End PBXProject section */

/* Begin PBXResourcesBuildPhase section */
		3F04731A2D0B0D8B0013A9BE /* Resources */ = {
			isa = PBXResourcesBuildPhase;
			buildActionMask = 2147483647;
			files = (
			);
			runOnlyForDeploymentPostprocessing = 0;
		};
		3FB0192C2D06297700BD6BC1 /* Resources */ = {
			isa = PBXResourcesBuildPhase;
			buildActionMask = 2147483647;
			files = (
			);
			runOnlyForDeploymentPostprocessing = 0;
		};
/* End PBXResourcesBuildPhase section */

/* Begin PBXSourcesBuildPhase section */
		3F0473182D0B0D8B0013A9BE /* Sources */ = {
			isa = PBXSourcesBuildPhase;
			buildActionMask = 2147483647;
			files = (
				3F04732A2D0B0DF00013A9BE /* utils.c in Sources */,
				3F04732B2D0B0DF00013A9BE /* local-proxy.c in Sources */,
				3F04732C2D0B0DF00013A9BE /* crypt.c in Sources */,
				3F04732D2D0B0DF00013A9BE /* cfg.c in Sources */,
				3F04732E2D0B0DF00013A9BE /* poller.c in Sources */,
				3F04732F2D0B0DF00013A9BE /* xproxy.c in Sources */,
				3F0473302D0B0DF00013A9BE /* tcp-connection.c in Sources */,
				3F0473312D0B0DF00013A9BE /* el.c in Sources */,
				3F0473452D0B87580013A9BE /* statstic.c in Sources */,
			);
			runOnlyForDeploymentPostprocessing = 0;
		};
		3FB0192A2D06297700BD6BC1 /* Sources */ = {
			isa = PBXSourcesBuildPhase;
			buildActionMask = 2147483647;
			files = (
				3FB01A612D06B8A200BD6BC1 /* el.c in Sources */,
				3FB01A622D06B8A200BD6BC1 /* cfg.c in Sources */,
				3F0473462D0B87580013A9BE /* statstic.c in Sources */,
				3FB01A632D06B8A200BD6BC1 /* utils.c in Sources */,
				3FB01A662D06B8A200BD6BC1 /* poller.c in Sources */,
				3FB01A672D06B8A200BD6BC1 /* crypt.c in Sources */,
				3FB01A682D06B8A200BD6BC1 /* tcp-connection.c in Sources */,
				3FB01A692D06B8A200BD6BC1 /* local-proxy.c in Sources */,
				3FB01A6A2D06B8A200BD6BC1 /* xproxy.c in Sources */,
			);
			runOnlyForDeploymentPostprocessing = 0;
		};
/* End PBXSourcesBuildPhase section */

/* Begin PBXTargetDependency section */
		3F0473242D0B0D8B0013A9BE /* PBXTargetDependency */ = {
			isa = PBXTargetDependency;
			target = 3F04731B2D0B0D8B0013A9BE /* PacketTunnel */;
			targetProxy = 3F0473232D0B0D8B0013A9BE /* PBXContainerItemProxy */;
		};
/* End PBXTargetDependency section */

/* Begin XCBuildConfiguration section */
		3F0473272D0B0D8B0013A9BE /* Debug */ = {
			isa = XCBuildConfiguration;
			buildSettings = {
				CODE_SIGN_ENTITLEMENTS = PacketTunnel/PacketTunnel_iOS.entitlements;
				"CODE_SIGN_ENTITLEMENTS[sdk=iphoneos*]" = PacketTunnel/PacketTunnel_iOS.entitlements;
				"CODE_SIGN_ENTITLEMENTS[sdk=macosx*]" = PacketTunnel/PacketTunnel_macOS.entitlements;
				CODE_SIGN_STYLE = Automatic;
				CURRENT_PROJECT_VERSION = 241215;
				DEVELOPMENT_TEAM = KMX6B9L26T;
				ENABLE_HARDENED_RUNTIME = YES;
				GENERATE_INFOPLIST_FILE = YES;
				HEADER_SEARCH_PATHS = "$(SRCROOT)/openssl/include";
				INFOPLIST_FILE = PacketTunnel/Info.plist;
				INFOPLIST_KEY_CFBundleDisplayName = PacketTunnel;
				INFOPLIST_KEY_NSHumanReadableCopyright = "";
				IPHONEOS_DEPLOYMENT_TARGET = 16.0;
				LD_RUNPATH_SEARCH_PATHS = (
					"$(inherited)",
					"@executable_path/../Frameworks",
					"@executable_path/../../../../Frameworks",
				);
				LIBRARY_SEARCH_PATHS = (
					"$(inherited)",
					"$(PROJECT_DIR)/openssl/lib/macOS",
					"$(PROJECT_DIR)/openssl/lib/iOS",
				);
				MACOSX_DEPLOYMENT_TARGET = 14.0;
				MARKETING_VERSION = 2.2.0;
				PRODUCT_BUNDLE_IDENTIFIER = com.lampmanyao.Xproxy.PacketTunnel;
				PRODUCT_NAME = "$(TARGET_NAME)";
				SDKROOT = macosx;
				SKIP_INSTALL = YES;
				SUPPORTED_PLATFORMS = "iphoneos iphonesimulator macosx";
				SUPPORTS_MACCATALYST = NO;
				SWIFT_EMIT_LOC_STRINGS = YES;
				SWIFT_OBJC_BRIDGING_HEADER = "$(SRCROOT)/Xproxy-Bridging-Header.h";
				SWIFT_VERSION = 5.0;
				TARGETED_DEVICE_FAMILY = "1,2";
			};
			name = Debug;
		};
		3F0473282D0B0D8B0013A9BE /* Release */ = {
			isa = XCBuildConfiguration;
			buildSettings = {
				CODE_SIGN_ENTITLEMENTS = PacketTunnel/PacketTunnel_iOS.entitlements;
				"CODE_SIGN_ENTITLEMENTS[sdk=iphoneos*]" = PacketTunnel/PacketTunnel_iOS.entitlements;
				"CODE_SIGN_ENTITLEMENTS[sdk=macosx*]" = PacketTunnel/PacketTunnel_macOS.entitlements;
				CODE_SIGN_STYLE = Automatic;
				CURRENT_PROJECT_VERSION = 241215;
				DEVELOPMENT_TEAM = KMX6B9L26T;
				ENABLE_HARDENED_RUNTIME = YES;
				GENERATE_INFOPLIST_FILE = YES;
				HEADER_SEARCH_PATHS = "$(SRCROOT)/openssl/include";
				INFOPLIST_FILE = PacketTunnel/Info.plist;
				INFOPLIST_KEY_CFBundleDisplayName = PacketTunnel;
				INFOPLIST_KEY_NSHumanReadableCopyright = "";
				IPHONEOS_DEPLOYMENT_TARGET = 16.0;
				LD_RUNPATH_SEARCH_PATHS = (
					"$(inherited)",
					"@executable_path/../Frameworks",
					"@executable_path/../../../../Frameworks",
				);
				LIBRARY_SEARCH_PATHS = (
					"$(inherited)",
					"$(PROJECT_DIR)/openssl/lib/macOS",
					"$(PROJECT_DIR)/openssl/lib/iOS",
				);
				MACOSX_DEPLOYMENT_TARGET = 14.0;
				MARKETING_VERSION = 2.2.0;
				PRODUCT_BUNDLE_IDENTIFIER = com.lampmanyao.Xproxy.PacketTunnel;
				PRODUCT_NAME = "$(TARGET_NAME)";
				SDKROOT = macosx;
				SKIP_INSTALL = YES;
				SUPPORTED_PLATFORMS = "iphoneos iphonesimulator macosx";
				SUPPORTS_MACCATALYST = NO;
				SWIFT_EMIT_LOC_STRINGS = YES;
				SWIFT_OBJC_BRIDGING_HEADER = "$(SRCROOT)/Xproxy-Bridging-Header.h";
				SWIFT_VERSION = 5.0;
				TARGETED_DEVICE_FAMILY = "1,2";
			};
			name = Release;
		};
		3FB0193B2D06297800BD6BC1 /* Debug */ = {
			isa = XCBuildConfiguration;
			buildSettings = {
				ALWAYS_SEARCH_USER_PATHS = NO;
				ASSETCATALOG_COMPILER_GENERATE_SWIFT_ASSET_SYMBOL_EXTENSIONS = YES;
				CLANG_ANALYZER_NONNULL = YES;
				CLANG_ANALYZER_NUMBER_OBJECT_CONVERSION = YES_AGGRESSIVE;
				CLANG_CXX_LANGUAGE_STANDARD = "gnu++20";
				CLANG_ENABLE_MODULES = YES;
				CLANG_ENABLE_OBJC_ARC = YES;
				CLANG_ENABLE_OBJC_WEAK = YES;
				CLANG_WARN_BLOCK_CAPTURE_AUTORELEASING = YES;
				CLANG_WARN_BOOL_CONVERSION = YES;
				CLANG_WARN_COMMA = YES;
				CLANG_WARN_CONSTANT_CONVERSION = YES;
				CLANG_WARN_DEPRECATED_OBJC_IMPLEMENTATIONS = YES;
				CLANG_WARN_DIRECT_OBJC_ISA_USAGE = YES_ERROR;
				CLANG_WARN_DOCUMENTATION_COMMENTS = YES;
				CLANG_WARN_EMPTY_BODY = YES;
				CLANG_WARN_ENUM_CONVERSION = YES;
				CLANG_WARN_INFINITE_RECURSION = YES;
				CLANG_WARN_INT_CONVERSION = YES;
				CLANG_WARN_NON_LITERAL_NULL_CONVERSION = YES;
				CLANG_WARN_OBJC_IMPLICIT_RETAIN_SELF = YES;
				CLANG_WARN_OBJC_LITERAL_CONVERSION = YES;
				CLANG_WARN_OBJC_ROOT_CLASS = YES_ERROR;
				CLANG_WARN_QUOTED_INCLUDE_IN_FRAMEWORK_HEADER = YES;
				CLANG_WARN_RANGE_LOOP_ANALYSIS = YES;
				CLANG_WARN_STRICT_PROTOTYPES = YES;
				CLANG_WARN_SUSPICIOUS_MOVE = YES;
				CLANG_WARN_UNGUARDED_AVAILABILITY = YES_AGGRESSIVE;
				CLANG_WARN_UNREACHABLE_CODE = YES;
				CLANG_WARN__DUPLICATE_METHOD_MATCH = YES;
				COPY_PHASE_STRIP = NO;
				DEAD_CODE_STRIPPING = YES;
				DEBUG_INFORMATION_FORMAT = dwarf;
				ENABLE_STRICT_OBJC_MSGSEND = YES;
				ENABLE_TESTABILITY = YES;
				ENABLE_USER_SCRIPT_SANDBOXING = YES;
				GCC_C_LANGUAGE_STANDARD = gnu17;
				GCC_DYNAMIC_NO_PIC = NO;
				GCC_NO_COMMON_BLOCKS = YES;
				GCC_OPTIMIZATION_LEVEL = 0;
				GCC_PREPROCESSOR_DEFINITIONS = (
					"DEBUG=1",
					"$(inherited)",
				);
				GCC_WARN_64_TO_32_BIT_CONVERSION = YES;
				GCC_WARN_ABOUT_RETURN_TYPE = YES_ERROR;
				GCC_WARN_UNDECLARED_SELECTOR = YES;
				GCC_WARN_UNINITIALIZED_AUTOS = YES_AGGRESSIVE;
				GCC_WARN_UNUSED_FUNCTION = YES;
				GCC_WARN_UNUSED_VARIABLE = YES;
				LOCALIZATION_PREFERS_STRING_CATALOGS = YES;
				MTL_ENABLE_DEBUG_INFO = INCLUDE_SOURCE;
				MTL_FAST_MATH = YES;
				ONLY_ACTIVE_ARCH = YES;
				SWIFT_ACTIVE_COMPILATION_CONDITIONS = "DEBUG $(inherited)";
				SWIFT_OPTIMIZATION_LEVEL = "-Onone";
			};
			name = Debug;
		};
		3FB0193C2D06297800BD6BC1 /* Release */ = {
			isa = XCBuildConfiguration;
			buildSettings = {
				ALWAYS_SEARCH_USER_PATHS = NO;
				ASSETCATALOG_COMPILER_GENERATE_SWIFT_ASSET_SYMBOL_EXTENSIONS = YES;
				CLANG_ANALYZER_NONNULL = YES;
				CLANG_ANALYZER_NUMBER_OBJECT_CONVERSION = YES_AGGRESSIVE;
				CLANG_CXX_LANGUAGE_STANDARD = "gnu++20";
				CLANG_ENABLE_MODULES = YES;
				CLANG_ENABLE_OBJC_ARC = YES;
				CLANG_ENABLE_OBJC_WEAK = YES;
				CLANG_WARN_BLOCK_CAPTURE_AUTORELEASING = YES;
				CLANG_WARN_BOOL_CONVERSION = YES;
				CLANG_WARN_COMMA = YES;
				CLANG_WARN_CONSTANT_CONVERSION = YES;
				CLANG_WARN_DEPRECATED_OBJC_IMPLEMENTATIONS = YES;
				CLANG_WARN_DIRECT_OBJC_ISA_USAGE = YES_ERROR;
				CLANG_WARN_DOCUMENTATION_COMMENTS = YES;
				CLANG_WARN_EMPTY_BODY = YES;
				CLANG_WARN_ENUM_CONVERSION = YES;
				CLANG_WARN_INFINITE_RECURSION = YES;
				CLANG_WARN_INT_CONVERSION = YES;
				CLANG_WARN_NON_LITERAL_NULL_CONVERSION = YES;
				CLANG_WARN_OBJC_IMPLICIT_RETAIN_SELF = YES;
				CLANG_WARN_OBJC_LITERAL_CONVERSION = YES;
				CLANG_WARN_OBJC_ROOT_CLASS = YES_ERROR;
				CLANG_WARN_QUOTED_INCLUDE_IN_FRAMEWORK_HEADER = YES;
				CLANG_WARN_RANGE_LOOP_ANALYSIS = YES;
				CLANG_WARN_STRICT_PROTOTYPES = YES;
				CLANG_WARN_SUSPICIOUS_MOVE = YES;
				CLANG_WARN_UNGUARDED_AVAILABILITY = YES_AGGRESSIVE;
				CLANG_WARN_UNREACHABLE_CODE = YES;
				CLANG_WARN__DUPLICATE_METHOD_MATCH = YES;
				COPY_PHASE_STRIP = NO;
				DEAD_CODE_STRIPPING = YES;
				DEBUG_INFORMATION_FORMAT = "dwarf-with-dsym";
				ENABLE_NS_ASSERTIONS = NO;
				ENABLE_STRICT_OBJC_MSGSEND = YES;
				ENABLE_USER_SCRIPT_SANDBOXING = YES;
				GCC_C_LANGUAGE_STANDARD = gnu17;
				GCC_NO_COMMON_BLOCKS = YES;
				GCC_WARN_64_TO_32_BIT_CONVERSION = YES;
				GCC_WARN_ABOUT_RETURN_TYPE = YES_ERROR;
				GCC_WARN_UNDECLARED_SELECTOR = YES;
				GCC_WARN_UNINITIALIZED_AUTOS = YES_AGGRESSIVE;
				GCC_WARN_UNUSED_FUNCTION = YES;
				GCC_WARN_UNUSED_VARIABLE = YES;
				LOCALIZATION_PREFERS_STRING_CATALOGS = YES;
				MTL_ENABLE_DEBUG_INFO = NO;
				MTL_FAST_MATH = YES;
				SWIFT_COMPILATION_MODE = wholemodule;
			};
			name = Release;
		};
		3FB0193E2D06297800BD6BC1 /* Debug */ = {
			isa = XCBuildConfiguration;
			buildSettings = {
				ASSETCATALOG_COMPILER_APPICON_NAME = AppIcon;
				ASSETCATALOG_COMPILER_GLOBAL_ACCENT_COLOR_NAME = AccentColor;
				CODE_SIGN_ENTITLEMENTS = "";
				"CODE_SIGN_ENTITLEMENTS[sdk=iphoneos*]" = App/Xproxy_iOS.entitlements;
				"CODE_SIGN_ENTITLEMENTS[sdk=macosx*]" = App/Xproxy_macOS.entitlements;
				CODE_SIGN_STYLE = Automatic;
				CURRENT_PROJECT_VERSION = 241215;
				DEAD_CODE_STRIPPING = YES;
				DEVELOPMENT_ASSET_PATHS = "\"App/Preview Content\"";
				DEVELOPMENT_TEAM = KMX6B9L26T;
				ENABLE_HARDENED_RUNTIME = YES;
				ENABLE_PREVIEWS = YES;
				GENERATE_INFOPLIST_FILE = YES;
				HEADER_SEARCH_PATHS = "$(SRCROOT)/openssl/include";
				INFOPLIST_FILE = "";
				INFOPLIST_KEY_CFBundleDisplayName = Xproxy;
				INFOPLIST_KEY_LSApplicationCategoryType = "public.app-category.productivity";
				INFOPLIST_KEY_LSUIElement = YES;
				"INFOPLIST_KEY_UIApplicationSceneManifest_Generation[sdk=iphoneos*]" = YES;
				"INFOPLIST_KEY_UIApplicationSceneManifest_Generation[sdk=iphonesimulator*]" = YES;
				"INFOPLIST_KEY_UIApplicationSupportsIndirectInputEvents[sdk=iphoneos*]" = YES;
				"INFOPLIST_KEY_UIApplicationSupportsIndirectInputEvents[sdk=iphonesimulator*]" = YES;
				"INFOPLIST_KEY_UILaunchScreen_Generation[sdk=iphoneos*]" = YES;
				"INFOPLIST_KEY_UILaunchScreen_Generation[sdk=iphonesimulator*]" = YES;
				"INFOPLIST_KEY_UIStatusBarStyle[sdk=iphoneos*]" = UIStatusBarStyleDefault;
				"INFOPLIST_KEY_UIStatusBarStyle[sdk=iphonesimulator*]" = UIStatusBarStyleDefault;
				INFOPLIST_KEY_UISupportedInterfaceOrientations_iPad = "UIInterfaceOrientationPortrait UIInterfaceOrientationPortraitUpsideDown UIInterfaceOrientationLandscapeLeft UIInterfaceOrientationLandscapeRight";
				INFOPLIST_KEY_UISupportedInterfaceOrientations_iPhone = "UIInterfaceOrientationPortrait UIInterfaceOrientationLandscapeLeft UIInterfaceOrientationLandscapeRight";
				IPHONEOS_DEPLOYMENT_TARGET = 16.0;
				LD_RUNPATH_SEARCH_PATHS = "@executable_path/Frameworks";
				"LD_RUNPATH_SEARCH_PATHS[sdk=macosx*]" = "@executable_path/../Frameworks";
				LIBRARY_SEARCH_PATHS = (
					"$(inherited)",
					"$(PROJECT_DIR)/openssl/lib/iOS",
					"$(PROJECT_DIR)/openssl/lib/macOS",
				);
				MACOSX_DEPLOYMENT_TARGET = 14.0;
				MARKETING_VERSION = 2.2.0;
				PRODUCT_BUNDLE_IDENTIFIER = com.lampmanyao.Xproxy;
				PRODUCT_NAME = "$(TARGET_NAME)";
				SDKROOT = auto;
				SUPPORTED_PLATFORMS = "iphoneos iphonesimulator macosx";
				SUPPORTS_MACCATALYST = NO;
				SWIFT_EMIT_LOC_STRINGS = YES;
				SWIFT_OBJC_BRIDGING_HEADER = "$(SRCROOT)/Xproxy-Bridging-Header.h";
				SWIFT_VERSION = 5.0;
				TARGETED_DEVICE_FAMILY = "1,2";
				XROS_DEPLOYMENT_TARGET = 1.0;
			};
			name = Debug;
		};
		3FB0193F2D06297800BD6BC1 /* Release */ = {
			isa = XCBuildConfiguration;
			buildSettings = {
				ASSETCATALOG_COMPILER_APPICON_NAME = AppIcon;
				ASSETCATALOG_COMPILER_GLOBAL_ACCENT_COLOR_NAME = AccentColor;
				CODE_SIGN_ENTITLEMENTS = "";
				"CODE_SIGN_ENTITLEMENTS[sdk=iphoneos*]" = App/Xproxy_iOS.entitlements;
				"CODE_SIGN_ENTITLEMENTS[sdk=macosx*]" = App/Xproxy_macOS.entitlements;
				CODE_SIGN_STYLE = Automatic;
				CURRENT_PROJECT_VERSION = 241215;
				DEAD_CODE_STRIPPING = YES;
				DEVELOPMENT_ASSET_PATHS = "\"App/Preview Content\"";
				DEVELOPMENT_TEAM = KMX6B9L26T;
				ENABLE_HARDENED_RUNTIME = YES;
				ENABLE_PREVIEWS = YES;
				GENERATE_INFOPLIST_FILE = YES;
				HEADER_SEARCH_PATHS = "$(SRCROOT)/openssl/include";
				INFOPLIST_FILE = "";
				INFOPLIST_KEY_CFBundleDisplayName = Xproxy;
				INFOPLIST_KEY_LSApplicationCategoryType = "public.app-category.productivity";
				INFOPLIST_KEY_LSUIElement = YES;
				"INFOPLIST_KEY_UIApplicationSceneManifest_Generation[sdk=iphoneos*]" = YES;
				"INFOPLIST_KEY_UIApplicationSceneManifest_Generation[sdk=iphonesimulator*]" = YES;
				"INFOPLIST_KEY_UIApplicationSupportsIndirectInputEvents[sdk=iphoneos*]" = YES;
				"INFOPLIST_KEY_UIApplicationSupportsIndirectInputEvents[sdk=iphonesimulator*]" = YES;
				"INFOPLIST_KEY_UILaunchScreen_Generation[sdk=iphoneos*]" = YES;
				"INFOPLIST_KEY_UILaunchScreen_Generation[sdk=iphonesimulator*]" = YES;
				"INFOPLIST_KEY_UIStatusBarStyle[sdk=iphoneos*]" = UIStatusBarStyleDefault;
				"INFOPLIST_KEY_UIStatusBarStyle[sdk=iphonesimulator*]" = UIStatusBarStyleDefault;
				INFOPLIST_KEY_UISupportedInterfaceOrientations_iPad = "UIInterfaceOrientationPortrait UIInterfaceOrientationPortraitUpsideDown UIInterfaceOrientationLandscapeLeft UIInterfaceOrientationLandscapeRight";
				INFOPLIST_KEY_UISupportedInterfaceOrientations_iPhone = "UIInterfaceOrientationPortrait UIInterfaceOrientationLandscapeLeft UIInterfaceOrientationLandscapeRight";
				IPHONEOS_DEPLOYMENT_TARGET = 16.0;
				LD_RUNPATH_SEARCH_PATHS = "@executable_path/Frameworks";
				"LD_RUNPATH_SEARCH_PATHS[sdk=macosx*]" = "@executable_path/../Frameworks";
				LIBRARY_SEARCH_PATHS = (
					"$(inherited)",
					"$(PROJECT_DIR)/openssl/lib/iOS",
					"$(PROJECT_DIR)/openssl/lib/macOS",
				);
				MACOSX_DEPLOYMENT_TARGET = 14.0;
				MARKETING_VERSION = 2.2.0;
				PRODUCT_BUNDLE_IDENTIFIER = com.lampmanyao.Xproxy;
				PRODUCT_NAME = "$(TARGET_NAME)";
				SDKROOT = auto;
				SUPPORTED_PLATFORMS = "iphoneos iphonesimulator macosx";
				SUPPORTS_MACCATALYST = NO;
				SWIFT_EMIT_LOC_STRINGS = YES;
				SWIFT_OBJC_BRIDGING_HEADER = "$(SRCROOT)/Xproxy-Bridging-Header.h";
				SWIFT_VERSION = 5.0;
				TARGETED_DEVICE_FAMILY = "1,2";
				XROS_DEPLOYMENT_TARGET = 1.0;
			};
			name = Release;
		};
/* End XCBuildConfiguration section */

/* Begin XCConfigurationList section */
		3F0473262D0B0D8B0013A9BE /* Build configuration list for PBXNativeTarget "PacketTunnel" */ = {
			isa = XCConfigurationList;
			buildConfigurations = (
				3F0473272D0B0D8B0013A9BE /* Debug */,
				3F0473282D0B0D8B0013A9BE /* Release */,
			);
			defaultConfigurationIsVisible = 0;
			defaultConfigurationName = Release;
		};
		3FB019292D06297700BD6BC1 /* Build configuration list for PBXProject "Xproxy" */ = {
			isa = XCConfigurationList;
			buildConfigurations = (
				3FB0193B2D06297800BD6BC1 /* Debug */,
				3FB0193C2D06297800BD6BC1 /* Release */,
			);
			defaultConfigurationIsVisible = 0;
			defaultConfigurationName = Release;
		};
		3FB0193D2D06297800BD6BC1 /* Build configuration list for PBXNativeTarget "Xproxy" */ = {
			isa = XCConfigurationList;
			buildConfigurations = (
				3FB0193E2D06297800BD6BC1 /* Debug */,
				3FB0193F2D06297800BD6BC1 /* Release */,
			);
			defaultConfigurationIsVisible = 0;
			defaultConfigurationName = Release;
		};
/* End XCConfigurationList section */
	};
	rootObject = 3FB019262D06297700BD6BC1 /* Project object */;
}
